{ "repos": {"junegunn/vim-plug":{
  "url": "https://github.com/junegunn/vim-plug",
  "rev": "7cadca537e5d7131fc098c2cbef6da2ad2b17f99",
  "date": "2025-02-09T09:19:56+09:00",
  "path": "/nix/store/2v8szkki53w1ypk0clx0n73hyr92rgw0-vim-plug",
  "sha256": "1iaighddzwyzr6ap75v8nnl5li1z56rhfl2fr5zqvbb2r0wjliz3",
  "hash": "sha256-40cqOchirY1/yU5QB7MpP0RaqLVol3OVyd/z3xp8UcU=",
  "fetchLFS": false,
  "fetchSubmodules": true,
  "deepClone": false,
  "leaveDotGit": false
}
,"Khelda/vimthemes":{
  "url": "https://github.com/Khelda/vimthemes",
  "rev": "7838410218672ca214eca0a66963a9c9a24fc224",
  "date": "2024-09-30T16:34:13+02:00",
  "path": "/nix/store/wq9z41ngm0a386i6fq45xrmcg84wjwgy-vimthemes",
  "sha256": "1yqv673m5w4cnjca15qcccp2j8b71zjmb4c5m4fixlyxpbsnhiib",
  "hash": "sha256-K0Zo9brd0x4dqYWRVeUPZyEpLmMMl6CYtIzwUscxG/s=",
  "fetchLFS": false,
  "fetchSubmodules": true,
  "deepClone": false,
  "leaveDotGit": false
}
,"rktjmp/fwatch.nvim":{
  "url": "https://github.com/rktjmp/fwatch.nvim",
  "rev": "a691f7349dc66285cd75a1a698dd28bca45f2bf8",
  "date": "2022-07-04T18:27:44+10:00",
  "path": "/nix/store/1zbwjhfhqls0b9z127fx3qxyangswnvx-fwatch.nvim",
  "sha256": "0y8jqmpy85h6g1gjs36qpqvq9abhd7d9bmaiq7bnh7xjvvzg290v",
  "hash": "sha256-GyTx/t6yH2jXwVHVldppcKmEN77YDC1feAYW5G/FEnk=",
  "fetchLFS": false,
  "fetchSubmodules": true,
  "deepClone": false,
  "leaveDotGit": false
}
,"junegunn/goyo.vim":{
  "url": "https://github.com/junegunn/goyo.vim",
  "rev": "fa0263d456dd43f5926484d1c4c7022dfcb21ba9",
  "date": "2023-03-04T20:25:38+09:00",
  "path": "/nix/store/iv07wb09g5cvs137pamsaadsh7x78pm4-goyo.vim",
  "sha256": "0qmphp2hk3hyzq2vjsrm8zaxmjpqg6dbcbwwszxisvi9iryxjhml",
  "hash": "sha256-tELZfY4pbh3715wvtpp5+Mra1Uc1a7kF/h6OCcWFt2I=",
  "fetchLFS": false,
  "fetchSubmodules": true,
  "deepClone": false,
  "leaveDotGit": false
}
,"junegunn/limelight.vim":{
  "url": "https://github.com/junegunn/limelight.vim",
  "rev": "0c8cc7f503a775c505dc9c67f1f5041ab4d5f1fd",
  "date": "2024-09-12T18:17:43+09:00",
  "path": "/nix/store/5b3m19rmxhrjx4hnqck5gbqixmb19r77-limelight.vim",
  "sha256": "0qdll4x01912ldlv9ixh5z4zn8fddybc9mv53c8dx2advkglb6cg",
  "hash": "sha256-j5lF39xNid4QG2XXxJZvzSH7yS+wx7RpoyKkADqhtGE=",
  "fetchLFS": false,
  "fetchSubmodules": true,
  "deepClone": false,
  "leaveDotGit": false
}
,"janBorowy/jirac.nvim":{
  "url": "https://github.com/janBorowy/jirac.nvim",
  "rev": "566b12c6981042abaa5596aa26b941e6d852775d",
  "date": "2025-02-05T22:18:14+01:00",
  "path": "/nix/store/wrmx5vr8vvi19xjivsf59404ggk2w9nb-jirac.nvim",
  "sha256": "0fn0a8sph3i2hvlss4b0h4w5qmq6s8kpv58knnwgf8hwy7fvqvvy",
  "hash": "sha256-fm+83fEcIve4tROVfSfSBldcOIFgEa3phiIOeDVSwDo=",
  "fetchLFS": false,
  "fetchSubmodules": true,
  "deepClone": false,
  "leaveDotGit": false
}
,"nvim-lualine/lualine.nvim":{
  "url": "https://github.com/nvim-lualine/lualine.nvim",
  "rev": "f4f791f67e70d378a754d02da068231d2352e5bc",
  "date": "2025-02-08T12:44:47+06:00",
  "path": "/nix/store/6wclpcyipz71n1hlr3mijyk3iqpsjxnv-lualine.nvim",
  "sha256": "12jm3vc3mi0p9kjw7g1cd6a9nkgws1mvq2h7lpfmflad8zfmw35q",
  "hash": "sha256-uAxe3UdNUVfdpQcKvGvQ/E2blGksvMPlTBfEOtgeVYo=",
  "fetchLFS": false,
  "fetchSubmodules": true,
  "deepClone": false,
  "leaveDotGit": false
}
,"romgrk/barbar.nvim":{
  "url": "https://github.com/romgrk/barbar.nvim",
  "rev": "40c176c9af7e9aefe3af9ec9d985a3edb50d66a3",
  "date": "2025-01-02T22:27:52-05:00",
  "path": "/nix/store/34sl4pkplmkh88n7hasw2zmkd46d4cjv-barbar.nvim",
  "sha256": "1fvd0v0ddmn7ladfpdckx26zw64cs40h4awb951zfrdikzqmkp9d",
  "hash": "sha256-Ld1Z8Z+xZfdDSYsrAgHRjBj+jeiTteuaosfW1sAGbbs=",
  "fetchLFS": false,
  "fetchSubmodules": true,
  "deepClone": false,
  "leaveDotGit": false
}
,"mikesmithgh/kitty-scrollback.nvim":{
  "url": "https://github.com/mikesmithgh/kitty-scrollback.nvim",
  "rev": "fd9f83f3f1141ef65de73fbe962f6c606ef02da8",
  "date": "2025-01-20T18:24:44Z",
  "path": "/nix/store/8plzmfd32mw15pmz6mi1cjhf38mjzbrn-kitty-scrollback.nvim",
  "sha256": "0klgmfykhgcbmfcjfrdn5503sk6hxpvfh11l5362da3zchfwvqyh",
  "hash": "sha256-0OPNHWR/qCbMKDQE6Pbt0Ew9QCm2ZSeZq4s9OL2rj04=",
  "fetchLFS": false,
  "fetchSubmodules": true,
  "deepClone": false,
  "leaveDotGit": false
}
,"MunifTanjim/nui.nvim":{
  "url": "https://github.com/MunifTanjim/nui.nvim",
  "rev": "53e907ffe5eedebdca1cd503b00aa8692068ca46",
  "date": "2024-12-11T00:53:35+06:00",
  "path": "/nix/store/d371g9f6hz7ynxa39lwij3z55yv8ilr0-nui.nvim",
  "sha256": "1m4vlf9qcs01a8qrq3salcz966sp8cpf01gbrg8dbf255vzc8kp9",
  "hash": "sha256-6U7E/i5FuNXQy+sF4C5DVxuTPqNKD5wxUgFohpOjm9Q=",
  "fetchLFS": false,
  "fetchSubmodules": true,
  "deepClone": false,
  "leaveDotGit": false
}
,"grapp-dev/nui-components.nvim":{
  "url": "https://github.com/grapp-dev/nui-components.nvim",
  "rev": "caecfe2089e5ffbe99c2b0e0468da91990263a90",
  "date": "2024-05-11T18:36:04+02:00",
  "path": "/nix/store/3ci2jy2mgk0jv9qb1vmmfssh4rvsr363-nui-components.nvim",
  "sha256": "13gkk0m5rfjg2k0nbfgpys9x5758818a4fwl6vxv3jsd73gl4wlj",
  "hash": "sha256-knJC3zhNy7H7NpQ7olBAqJzSk/b3uWXBFE+6XCqY840=",
  "fetchLFS": false,
  "fetchSubmodules": true,
  "deepClone": false,
  "leaveDotGit": false
}
,"folke/noice.nvim":{
  "url": "https://github.com/folke/noice.nvim",
  "rev": "dbfc5fbab19ff1c3e29a3268ffa5eda4c09c72ce",
  "date": "2025-02-08T20:10:27Z",
  "path": "/nix/store/qzl5ak6z0a70pbx41b8c40wmngl2zkr7-noice.nvim",
  "sha256": "0cmnjfbxpgdj9jq9qpdrd85ywz0i97i9l0b1rd3j731c1hx0vh56",
  "hash": "sha256-psANOgwsjCNHy2EBmuJJEXzuC2q5XZywTLK925eTtjI=",
  "fetchLFS": false,
  "fetchSubmodules": true,
  "deepClone": false,
  "leaveDotGit": false
}
,"MunifTanjim/exrc.nvim":{
  "url": "https://github.com/MunifTanjim/exrc.nvim",
  "rev": "0aae882db72885ade36641d677a22204c72e50f4",
  "date": "2022-12-28T13:55:23+06:00",
  "path": "/nix/store/56yx2hj49pdbrp22j3nasng16ggzy3y6-exrc.nvim",
  "sha256": "0cl9jm6iya720nzhk575jr08f4jb63jh8lvqsb4fcj4j4jx057gv",
  "hash": "sha256-+50CuiSSSObI0nhTBOUwSxKHQJbllAm/BeIoH02ViTI=",
  "fetchLFS": false,
  "fetchSubmodules": true,
  "deepClone": false,
  "leaveDotGit": false
}
,"mattn/webapi-vim":{
  "url": "https://github.com/mattn/webapi-vim",
  "rev": "70c49ada7827d3545a65cbdab04c5c89a3a8464e",
  "date": "2022-11-23T14:23:37+09:00",
  "path": "/nix/store/acjd3b56r89ljs5k0kc8wimf3dn6js2g-webapi-vim",
  "sha256": "0sqhx4h2qchihf37g5fpa3arpxrnzsfpjj34ca3sdn4db89a0c8n",
  "hash": "sha256-FjGgElqN2KaHYmRIeZ3+Nveb1VDXlXeGgxEyLCDpEGs=",
  "fetchLFS": false,
  "fetchSubmodules": true,
  "deepClone": false,
  "leaveDotGit": false
}
,"rust-lang/rust.vim":{
  "url": "https://github.com/rust-lang/rust.vim",
  "rev": "889b9a7515db477f4cb6808bef1769e53493c578",
  "date": "2022-11-27T16:26:22+02:00",
  "path": "/nix/store/whswkank97mzh92b0n3l5bz8lkvw915b-rust.vim",
  "sha256": "1xklq4g6dvqd3a5msnrir899hzqmjkscpb8bq9wd4fi3ivmjjjgg",
  "hash": "sha256-70kp644jOtJ4wguty/SUFX+YEsoxW12LGg3vZh7BdPY=",
  "fetchLFS": false,
  "fetchSubmodules": true,
  "deepClone": false,
  "leaveDotGit": false
}
,"rcarriga/nvim-notify":{
  "url": "https://github.com/rcarriga/nvim-notify",
  "rev": "22f29093eae7785773ee9d543f8750348b1a195c",
  "date": "2025-01-20T20:32:54Z",
  "path": "/nix/store/wbx57zq146fv02daqs8snk886nhc8qmh-nvim-notify",
  "sha256": "0nnxmi65ppmn8dzwh38vx2w7w6piq0i28mw0s32wa31xn5rmzwza",
  "hash": "sha256-6vNfc7E9DMXF0IBXJCLA8Rp+uOgbDch/Q7beW0ys3Vo=",
  "fetchLFS": false,
  "fetchSubmodules": true,
  "deepClone": false,
  "leaveDotGit": false
}
,"ncm2/float-preview.nvim":{
  "url": "https://github.com/ncm2/float-preview.nvim",
  "rev": "cd7974292f1bb87ed987a2b0e7ae6b632aa14ed6",
  "date": "2023-07-04T11:47:39+08:00",
  "path": "/nix/store/f9cg7rmzx90hmkny6z4fzzgxrrwnmc0s-float-preview.nvim",
  "sha256": "1i2fgki7zkmwmrs1jxb8yp4f1z4jnr1yvmyh1p1y1fv4hyairjfn",
  "hash": "sha256-1skclYdku+DDDdDX7UO2kvzgyPVodRl0rrzOf+J8TsQ=",
  "fetchLFS": false,
  "fetchSubmodules": true,
  "deepClone": false,
  "leaveDotGit": false
}
,"kevinhwang91/nvim-bqf":{
  "url": "https://github.com/kevinhwang91/nvim-bqf",
  "rev": "ebb6d2689e4427452180f17c53f29f7e460236f1",
  "date": "2025-01-04T19:17:07+08:00",
  "path": "/nix/store/hjbyficr9jhvrjryn32ksdc10rs7f3xs-nvim-bqf",
  "sha256": "1zmmzq0xjw3d0vrw3w9hk2i809vvlf65rfccr6kwf2i19zdn4596",
  "hash": "sha256-JhVi208hCsenyYy5XIyjeyeAopgw8cHzBm1w2QH+tf4=",
  "fetchLFS": false,
  "fetchSubmodules": true,
  "deepClone": false,
  "leaveDotGit": false
}
,"nvim-treesitter/nvim-treesitter":{
  "url": "https://github.com/nvim-treesitter/nvim-treesitter",
  "rev": "a840137349fcc35b5ad2c718a9b034b93012fa43",
  "date": "2025-02-10T09:32:30+01:00",
  "path": "/nix/store/zhnzks0j3qrqnmfiyb9gpi7c0kx3lk5g-nvim-treesitter",
  "sha256": "0nx12sry44mzsrq7w5i8lgprzkkv5gxabag7ch3ip03j22rrli5a",
  "hash": "sha256-qkSasxBygBsHZOeppfore86f76MoFn5w1r8S4rMWoVs=",
  "fetchLFS": false,
  "fetchSubmodules": true,
  "deepClone": false,
  "leaveDotGit": false
}
,"nvim-treesitter/nvim-treesitter-context":{
  "url": "https://github.com/nvim-treesitter/nvim-treesitter-context",
  "rev": "03f382ef224c27a8508cdab2d0b463dcb8ca12a6",
  "date": "2025-02-07T19:57:15Z",
  "path": "/nix/store/82fyl3w5ncin25sr0qjhvf92irhkakhb-nvim-treesitter-context",
  "sha256": "02zgd49i1gvk8nv4a29lc34bq21cs4qnfahm4swq20r3gp6fwc54",
  "hash": "sha256-pDDuzH0jA4G5JhUqZzHRLAi8yGA0CUW2RXO/EBNp7ws=",
  "fetchLFS": false,
  "fetchSubmodules": true,
  "deepClone": false,
  "leaveDotGit": false
}
,"github/copilot.vim":{
  "url": "https://github.com/github/copilot.vim",
  "rev": "87038123804796ca7af20d1b71c3428d858a9124",
  "date": "2024-10-08T15:39:00Z",
  "path": "/nix/store/2pdam3bmpswnz27d0vd5c2bkdzdmj87g-copilot.vim",
  "sha256": "1532h9694na7mx2lxmg0cx683df0x7w83vrrvd1gn5hwv96bhvpp",
  "hash": "sha256-9264TNocFvtC2znvgfjpwLWBTGfg1U5Fr0dZkkyCYpQ=",
  "fetchLFS": false,
  "fetchSubmodules": true,
  "deepClone": false,
  "leaveDotGit": false
}
,"kyazdani42/nvim-tree.lua":{
  "url": "https://github.com/kyazdani42/nvim-tree.lua",
  "rev": "80523101f0ae48b7f1990e907b685a3d79776c01",
  "date": "2025-02-10T08:06:02+11:00",
  "path": "/nix/store/76qdcyslff98z48vbv7q1a6xxkp03dww-nvim-tree.lua",
  "sha256": "187qd21cc1vqk8a79l5sc392a9gkz6vmc7hizajvswipfrif76hj",
  "hash": "sha256-EprjYnY3cr2l+hEeVrf58yUl0mC60HQUmngHxoJo+KA=",
  "fetchLFS": false,
  "fetchSubmodules": true,
  "deepClone": false,
  "leaveDotGit": false
}
,"kyazdani42/nvim-web-devicons":{
  "url": "https://github.com/kyazdani42/nvim-web-devicons",
  "rev": "402377242b04be3f4f0f3720bd952df86e946c30",
  "date": "2025-02-01T01:00:36+01:00",
  "path": "/nix/store/gy4rh2lhd40gjpxn664kkb1c54slmidp-nvim-web-devicons",
  "sha256": "09m43n5az5jhhk1jjxc0rbllh9b5gljhyn2kmqi2xijkrribrcc5",
  "hash": "sha256-hbG8Ys5Txi4irlNYDyV9ZSVI6cqAdSnDhFCWr4odpCY=",
  "fetchLFS": false,
  "fetchSubmodules": true,
  "deepClone": false,
  "leaveDotGit": false
}
,"mfussenegger/nvim-dap":{
  "url": "https://github.com/mfussenegger/nvim-dap",
  "rev": "52302f02fea3a490e55475de52fa4deb8af2eb11",
  "date": "2025-02-06T10:05:38+01:00",
  "path": "/nix/store/wy9gwd8licyddb31kzbpzwvlgg2s0wwx-nvim-dap",
  "sha256": "1hr0km6mh9ahc4ig31ymsaidp7vbcliaf11cma8fb3cgmicjz3n3",
  "hash": "sha256-w44vWayPjeWQqiwEpyJla5/botLVh/EiYVAlWE2dIMM=",
  "fetchLFS": false,
  "fetchSubmodules": true,
  "deepClone": false,
  "leaveDotGit": false
}
,"mfussenegger/nvim-dap-python":{
  "url": "https://github.com/mfussenegger/nvim-dap-python",
  "rev": "34282820bb713b9a5fdb120ae8dd85c2b3f49b51",
  "date": "2024-11-29T21:20:29+01:00",
  "path": "/nix/store/h520isqhp4hy7kfd9935lpdq0lb22nsj-nvim-dap-python",
  "sha256": "162kr9nkc5cshmsn3lsksc9qj63g6ln9cwhvm2v7mzvjcmj1wga3",
  "hash": "sha256-Qz0eZGVy/3q2qBtyliw1bxiJE9NT02F1hZoVNm3KU5g=",
  "fetchLFS": false,
  "fetchSubmodules": true,
  "deepClone": false,
  "leaveDotGit": false
}
,"neovim/nvim-lspconfig":{
  "url": "https://github.com/neovim/nvim-lspconfig",
  "rev": "6c17f8656f667727b27f5f598463afedb7791b18",
  "date": "2025-02-10T12:00:17Z",
  "path": "/nix/store/bnh7bq0dfd6wkpwsv55jgcakadjw8aij-nvim-lspconfig",
  "sha256": "1v1kyfmckqwv6va3fpa19rdwlmfjns903p9ndpxcnhzmasj9bp5d",
  "hash": "sha256-rdyVpFb1Q8v6bTbdAZK20lXKW05BXTfUNpvjyarzM+w=",
  "fetchLFS": false,
  "fetchSubmodules": true,
  "deepClone": false,
  "leaveDotGit": false
}
,"ms-jpq/coq_nvim":{
  "url": "https://github.com/ms-jpq/coq_nvim",
  "rev": "9e77f1f6196c4d4c17160aae82e18ae3f4916ce6",
  "date": "2025-02-05T11:17:07-08:00",
  "path": "/nix/store/mb6wqf1aw8hz9xs2z7qijijybq3wml1l-coq_nvim",
  "sha256": "1bkfwk7ab66wpkaiajgwghc5g851s1gbmwxwx6gzmxy6khc47vw6",
  "hash": "sha256-hu9DGJzG9/qf6bzzul7QoaBXGHz8SRXVvNyYpc7kbq4=",
  "fetchLFS": false,
  "fetchSubmodules": true,
  "deepClone": false,
  "leaveDotGit": false
}
,"ms-jpq/coq.thirdparty":{
  "url": "https://github.com/ms-jpq/coq.thirdparty",
  "rev": "6ee3c221c308dca7071387267ac76c9272b184a9",
  "date": "2025-01-18T01:04:27-05:00",
  "path": "/nix/store/ylj3icr6qirxbsds4vyvz0vmch6dqy3n-coq.thirdparty",
  "sha256": "1ckk38c9szyhdg3kn09hs3xpgnvywwq7fmyzkp2vsjcz87n7180r",
  "hash": "sha256-GaBw7EGfSb3Fnd9XdzDnftt3+9AwATvHa9B/nRgac7I=",
  "fetchLFS": false,
  "fetchSubmodules": true,
  "deepClone": false,
  "leaveDotGit": false
}
,"SirVer/UltiSnips":{
  "url": "https://github.com/SirVer/UltiSnips",
  "rev": "35252b3327bf0cb55136399dfe615637093a8291",
  "date": "2025-01-11T12:37:44+01:00",
  "path": "/nix/store/9pyj5x16q5hjm9jpl5csv773vkh0pq9c-UltiSnips",
  "sha256": "1n5q6ba2vdqvgzp9siz3x74lifcbsfzm4mlayclgaljsvkshwg61",
  "hash": "sha256-wTwO9dxaUvUo84pWUr/Ti7lIyenjR53ufxu3LdQyuNg=",
  "fetchLFS": false,
  "fetchSubmodules": true,
  "deepClone": false,
  "leaveDotGit": false
}
,"junegunn/fzf":{
  "url": "https://github.com/junegunn/fzf",
  "rev": "bfea9e53a62777a433af25552d440537297a1323",
  "date": "2025-02-09T20:02:05+09:00",
  "path": "/nix/store/f3s1wanz9mxyyf3bq8wjvys1p0xdc6yb-fzf",
  "sha256": "1crz37060rqnqwmh1gpkwlbfxkk0w13ricfp6v828b1jw3mf0kda",
  "hash": "sha256-qk3g6uAyLCTQNtexmEfgYM7uFuXzvgArxxZnYMAZP7M=",
  "fetchLFS": false,
  "fetchSubmodules": true,
  "deepClone": false,
  "leaveDotGit": false
}
,"junegunn/fzf.vim":{
  "url": "https://github.com/junegunn/fzf.vim",
  "rev": "6cda389bdea953c9c66a3cfe57e40463ffd61ae9",
  "date": "2025-02-02T23:27:53+09:00",
  "path": "/nix/store/1kd4cfjz3rnl9ghc8n9b99fx58r2ld22-fzf.vim",
  "sha256": "0w53ipgrp2l07fcj5qb7z71nf154z77gvkn74pn1350308c837sb",
  "hash": "sha256-S5+BGAIDlBHsJcfO/c75pARnw/ln4SKZO4CKm9+No3A=",
  "fetchLFS": false,
  "fetchSubmodules": true,
  "deepClone": false,
  "leaveDotGit": false
}
,"RishabhRD/popfix":{
  "url": "https://github.com/RishabhRD/popfix",
  "rev": "bf3cc436df63cd535350d5ef1b951c91554d4b01",
  "date": "2022-07-04T10:16:10+02:00",
  "path": "/nix/store/ksxiwfmbpn5n4svr5f78pfp1hjp65f3q-popfix",
  "sha256": "0vp8d5wln3bcmpf8qldav4hpm3yn2qnzdq0p486hdvvqvwwy8j91",
  "hash": "sha256-IUnkOd947wYNIhfg9i0W1o96IdmqUYzcrWwNS3lp6G4=",
  "fetchLFS": false,
  "fetchSubmodules": true,
  "deepClone": false,
  "leaveDotGit": false
}
,"RishabhRD/nvim-lsputils":{
  "url": "https://github.com/RishabhRD/nvim-lsputils",
  "rev": "ae1a4a62449863ad82c70713d5b6108f3a07917c",
  "date": "2022-01-29T17:03:35+05:30",
  "path": "/nix/store/abrrlbxsaligvi27q2xwl1cdnf4cizr3-nvim-lsputils",
  "sha256": "0xl3crhgkzmas8zdcycgk11am3wx0az4jh7fh5n4lsjip8895p4s",
  "hash": "sha256-mtySELpRakpsge5ASb4CnY+qQpiPedY+0qr++WBmg3Y=",
  "fetchLFS": false,
  "fetchSubmodules": true,
  "deepClone": false,
  "leaveDotGit": false
}
,"folke/trouble.nvim":{
  "url": "https://github.com/folke/trouble.nvim",
  "rev": "6f380b8826fb819c752c8fd7daaee9ef96d4c689",
  "date": "2025-01-28T18:08:26+01:00",
  "path": "/nix/store/2wbvicpzvvawyvhmbwnq1wcj3hj789y8-trouble.nvim",
  "sha256": "10v1xja412hk84aax9sf5l1bhp0ibyxxih6d3v2znyb3ic1lxq33",
  "hash": "sha256-Y+BOA4tjefvFHs3A2LtfEVy4Ai1Op64UQROKQJTsYYM=",
  "fetchLFS": false,
  "fetchSubmodules": true,
  "deepClone": false,
  "leaveDotGit": false
}
,"jackguo380/vim-lsp-cxx-highlight":{
  "url": "https://github.com/jackguo380/vim-lsp-cxx-highlight",
  "rev": "e0c749e955446b4e9e4cc33833fa45e30d8a15fe",
  "date": "2024-09-23T20:57:47-07:00",
  "path": "/nix/store/7xsw4d64ckg01s9n7b250yyxyn0fi46b-vim-lsp-cxx-highlight",
  "sha256": "153p37lhyvhr0702iz50s0rh41xp78vr8ksc61cwvipb0sf3xnrk",
  "hash": "sha256-M9s+nAbrxs1ZMExPlDc6twcCM9Cg/CjAARluD+kZd5Q=",
  "fetchLFS": false,
  "fetchSubmodules": true,
  "deepClone": false,
  "leaveDotGit": false
}
,"folke/lsp-colors.nvim":{
  "url": "https://github.com/folke/lsp-colors.nvim",
  "rev": "2bbe7541747fd339bdd8923fc45631a09bb4f1e5",
  "date": "2023-02-27T13:30:08+01:00",
  "path": "/nix/store/1ialm8ah825wrblcf8qabvqcm7kvs7rh-lsp-colors.nvim",
  "sha256": "0vmsgp0ld2y5r339q0pqm4qi1vlhbbp6c4mbgbip2li3mb6b1w3w",
  "hash": "sha256-fPCwzKojUnHjeqsSZu5akO4QMan4ApzGyMWLRsF9um4=",
  "fetchLFS": false,
  "fetchSubmodules": true,
  "deepClone": false,
  "leaveDotGit": false
}
,"luukvbaal/statuscol.nvim":{
  "url": "https://github.com/luukvbaal/statuscol.nvim",
  "rev": "a2a0e3ed55ba0f636ce0b2ccf61bca4050edd288",
  "date": "2025-01-10T11:33:18+01:00",
  "path": "/nix/store/8qfp1jk3rz3qd22lw8q626vcj3dq0l9r-statuscol.nvim",
  "sha256": "1r9m557yv01bbwsy0pgk4dnypccx39b0q5vln3p65rc7d9ib6shi",
  "hash": "sha256-EWqzYmqH5WLusHQXDFYanbHrbSPzXeA1XyuA7U8pNeU=",
  "fetchLFS": false,
  "fetchSubmodules": true,
  "deepClone": false,
  "leaveDotGit": false
}
,"weilbith/nvim-code-action-menu":{
  "url": "https://github.com/weilbith/nvim-code-action-menu",
  "rev": "8c7672a4b04d3cc4edd2c484d05b660a9cb34a1b",
  "date": "2023-12-11T10:34:57+01:00",
  "path": "/nix/store/3qac7ifcs377jxvrld119hh4pya64yi6-nvim-code-action-menu",
  "sha256": "13rjzsw44151gk9zwl7gmmmdysb6hz1i5mcw1mprif41v0zrm3x5",
  "hash": "sha256-pY+aP9iBuJhvDZzVEsOHZmnfaq3vUP7TfKEEQrj+Mo8=",
  "fetchLFS": false,
  "fetchSubmodules": true,
  "deepClone": false,
  "leaveDotGit": false
}
,"3rd/image.nvim":{
  "url": "https://github.com/3rd/image.nvim",
  "rev": "6ffafab2e98b5bda46bf227055aa84b90add8cdc",
  "date": "2025-01-18T00:25:05+02:00",
  "path": "/nix/store/h3xy9x3dymg3g27pca1dxfsx0lchnfjp-image.nvim",
  "sha256": "105k4ccv18nynm70lphb4ac3ih1ad4hlh2syrhmyi1i1jwdirjgz",
  "hash": "sha256-/8kcG5chhugrzF4LSCFpKsA4mCILXgpOtd6isBkjs4A=",
  "fetchLFS": false,
  "fetchSubmodules": true,
  "deepClone": false,
  "leaveDotGit": false
}
,"HakonHarnes/img-clip.nvim":{
  "url": "https://github.com/HakonHarnes/img-clip.nvim",
  "rev": "5ded6f468d633ccfb315905fe8901d6c95ae8f29",
  "date": "2025-01-30T14:29:51+01:00",
  "path": "/nix/store/9rd7829ffwclp07k37lmf6rmg67z0fj6-img-clip.nvim",
  "sha256": "1vy24pw0llyfr7qmksal4bxwd1mzl66j4372gz97z1wjkvgnnbzr",
  "hash": "sha256-+S9r356Sh3/Sf+IMIo2hv4bG+yJU6Vnxyc5TCvglwu8=",
  "fetchLFS": false,
  "fetchSubmodules": true,
  "deepClone": false,
  "leaveDotGit": false
}
,"benlubas/molten-nvim":{
  "url": "https://github.com/benlubas/molten-nvim",
  "rev": "a286aa914d9a154bc359131aab788b5a077a5a99",
  "date": "2025-01-27T19:47:06-05:00",
  "path": "/nix/store/h8p66mwxyn91fvx00bygas558gnzw98c-molten-nvim",
  "sha256": "15hckl6vyf015rdj6ivhv0zqi8vsvys2jj7wdf7bli77w6wxbwkx",
  "hash": "sha256-ffLVueHnRLqOa/xIKbTfeqOIP9hwRyNbLgE4vw2dDJY=",
  "fetchLFS": false,
  "fetchSubmodules": true,
  "deepClone": false,
  "leaveDotGit": false
}
,"mfussenegger/nvim-jdtls":{
  "url": "https://github.com/mfussenegger/nvim-jdtls",
  "rev": "3cdd09f336ab7169476b936c0825213d86d32e41",
  "date": "2025-02-03T23:08:04+01:00",
  "path": "/nix/store/fk2rfnr9zf3barlc4ah5pbbpbwn36wqf-nvim-jdtls",
  "sha256": "0r50gnybwbxnmbmn0wx4ly0r00m0mpcrnffp8fm2fq2a22p7dn67",
  "hash": "sha256-x9h2rhBKYCeqQ9c5m9mtoAKQgaekc2DrqrYvvrx9oGQ=",
  "fetchLFS": false,
  "fetchSubmodules": true,
  "deepClone": false,
  "leaveDotGit": false
}
,"mhinz/vim-startify":{
  "url": "https://github.com/mhinz/vim-startify",
  "rev": "4e089dffdad46f3f5593f34362d530e8fe823dcf",
  "date": "2023-09-20T14:46:23+02:00",
  "path": "/nix/store/d1x8p0lizdvg6c8k5pg0lyca5qlj70j1-vim-startify",
  "sha256": "1ycqfqnmalqzrx1yy9a1fc2p0w922x4sqv2222bi9xjzmh77z4sv",
  "hash": "sha256-W5N/Dqxf9hSXEEJsrEkXInFwBXNBJe9Dzx9TVS12mPk=",
  "fetchLFS": false,
  "fetchSubmodules": true,
  "deepClone": false,
  "leaveDotGit": false
}
,"liuchengxu/vista.vim":{
  "url": "https://github.com/liuchengxu/vista.vim",
  "rev": "1e90efad6e32c4f7d16b1ca8f49bf63d0693802e",
  "date": "2024-12-12T01:03:56+08:00",
  "path": "/nix/store/s6y9csfabqy3wprfg143nyj6yx6x51qh-vista.vim",
  "sha256": "1gbldkajy50x70p0m5wnbd3wvpzb4b79wmgdq8m85iyf5h1phkzf",
  "hash": "sha256-7k94AyzOx4Iqwu1Vns4i69/NR1uWlwouOB0UL9VsdL0=",
  "fetchLFS": false,
  "fetchSubmodules": true,
  "deepClone": false,
  "leaveDotGit": false
}
,"gabesoft/vim-ags":{
  "url": "https://github.com/gabesoft/vim-ags",
  "rev": "4b1cb6cc66345919385e71eea5140001946914f4",
  "date": "2020-01-26T17:48:55-08:00",
  "path": "/nix/store/70b4mjk1lxjin886hfyvpg69zf0c13wq-vim-ags",
  "sha256": "10gkian2dad3f4i38r0wi21sb2mqr0p93q44x2ymbmzs74yv276z",
  "hash": "sha256-3xyxPTn611W96ITgkS7IuIqlg4gcZDQicaOpJqyK84E=",
  "fetchLFS": false,
  "fetchSubmodules": true,
  "deepClone": false,
  "leaveDotGit": false
}
,"direnv/direnv.vim":{
  "url": "https://github.com/direnv/direnv.vim",
  "rev": "ab2a7e08dd630060cd81d7946739ac7442a4f269",
  "date": "2023-12-02T11:54:18+01:00",
  "path": "/nix/store/cdrb6zwhyx2884z0kciqrf5vy3xmj3a6-direnv.vim",
  "sha256": "1hhwfnaj9ibz17ggxvhzrkinghfy51fqfa0bs482z484jpvjc31g",
  "hash": "sha256-Lwwm95UEkS8Q0Qsoh10o3sFn48wf7v7eCX/FJJV1HMI=",
  "fetchLFS": false,
  "fetchSubmodules": true,
  "deepClone": false,
  "leaveDotGit": false
}
,"nicwest/vim-http":{
  "url": "https://github.com/nicwest/vim-http",
  "rev": "7eb78e9753c10ca696d80a2668831bdd2aa08a92",
  "date": "2023-08-30T11:43:39+01:00",
  "path": "/nix/store/0vpkyaa29jp0n9zz3c5lzsjmynzcxpyy-vim-http",
  "sha256": "1cc19vhd3y6azc367p172119118ba0cjxzfj3amjmfnnq62a4m1f",
  "hash": "sha256-LlSihMHWuiqrGtL9LhlQC4WQQhAn3GMG+8r40eBOgbE=",
  "fetchLFS": false,
  "fetchSubmodules": true,
  "deepClone": false,
  "leaveDotGit": false
}
,"vim-latex/vim-latex":{
  "url": "https://github.com/vim-latex/vim-latex",
  "rev": "08821de4f16625dfe35c9d0d18bb650102e4107f",
  "date": "2025-01-11T13:41:25+01:00",
  "path": "/nix/store/aim77c0xkp2ax3qf3xlqn5z837g4i9na-vim-latex",
  "sha256": "08nqlr3pxilj8fc106zj11nblxan0p09y4iqa91g5kn8slzhk4gg",
  "hash": "sha256-75EJP9XIzvJCUjgSn8AFVnW6bAjyGxCYQ5LGfkem2CI=",
  "fetchLFS": false,
  "fetchSubmodules": true,
  "deepClone": false,
  "leaveDotGit": false
}
,"vim-pandoc/vim-pandoc":{
  "url": "https://github.com/vim-pandoc/vim-pandoc",
  "rev": "bd11902651edc18076f90ed291581d785be52311",
  "date": "2024-07-22T23:11:04+03:00",
  "path": "/nix/store/90r630amhphx3kbxxrmg0hzphn7n5k8w-vim-pandoc",
  "sha256": "0aj0gsn2q5dqx9faky7fpqz93h6yih46dn7mn9gm80sdlv575gix",
  "hash": "sha256-Pb5yyqZNA1RfsvXYZgiM3sCRPr7u+Klc6rgVLKx+QCo=",
  "fetchLFS": false,
  "fetchSubmodules": true,
  "deepClone": false,
  "leaveDotGit": false
}
,"vim-pandoc/vim-pandoc-syntax":{
  "url": "https://github.com/vim-pandoc/vim-pandoc-syntax",
  "rev": "16939cda184ff555938cc895cc62477c172997f9",
  "date": "2023-11-26T10:58:38+03:00",
  "path": "/nix/store/9njp3ypxa6d201fvbnpcz62ank6iqjzk-vim-pandoc-syntax",
  "sha256": "1rk3iqqzckrni1qznv1rmi63lf2h2qcis6z7priqn7zi2v41jgpa",
  "hash": "sha256-6j4ZyBbxH4tjvucbHRkWUDg6TKw5bPtxiDZP9jGOY+Y=",
  "fetchLFS": false,
  "fetchSubmodules": true,
  "deepClone": false,
  "leaveDotGit": false
}
,"Khelda/Vim-EPUB":{
  "url": "https://github.com/Khelda/Vim-EPUB",
  "rev": "f03c6f771f58bb81399203e0c6d8203d78a4205d",
  "date": "2024-12-10T15:30:44+01:00",
  "path": "/nix/store/ri23li5dnymg6rwi7zjiwkarypi3xxl0-Vim-EPUB",
  "sha256": "1n2nfzm3nq49df81ax8wgyhipr3rwapfc7dx88zim8wz67zjn7dq",
  "hash": "sha256-uB0r/zGfoxo/Qr0d5q7ieeQboX8cdRWQa4lgO+p3Vtg=",
  "fetchLFS": false,
  "fetchSubmodules": true,
  "deepClone": false,
  "leaveDotGit": false
}
,"chrisbra/csv.vim":{
  "url": "https://github.com/chrisbra/csv.vim",
  "rev": "44aeb7e26e8b42f7c14c328f16ac4744ae53b22c",
  "date": "2024-12-15T21:43:52+01:00",
  "path": "/nix/store/dr2lzh4bsidqx2850y7hh7bblv4hc46z-csv.vim",
  "sha256": "0caqlm4fwv1ggdwzwjqmlf7s3j20zxk1avgkh4hdpgjmf3sj7dqj",
  "hash": "sha256-Ercj9XBVvtsggfNtFWb/QMihj6MVS/55ey9s7kilWDE=",
  "fetchLFS": false,
  "fetchSubmodules": true,
  "deepClone": false,
  "leaveDotGit": false
}
,"tpope/vim-cucumber":{
  "url": "https://github.com/tpope/vim-cucumber",
  "rev": "c0c9f5fd631632d794c6aa6d8d0ab13f834a1113",
  "date": "2023-11-20T10:42:58-05:00",
  "path": "/nix/store/h72vf34pgk118w9sq8m64dqlli5940b4-vim-cucumber",
  "sha256": "1bppvd9bhpw5zlyy98sldnmd3k7v7pqkpgvhma9wfaqgdi4axw8w",
  "hash": "sha256-HPGuSGwPK8eTqnC/O/E9+8zRqm1Uo+Q9/YVfuFLb964=",
  "fetchLFS": false,
  "fetchSubmodules": true,
  "deepClone": false,
  "leaveDotGit": false
}
,"LnL7/vim-nix":{
  "url": "https://github.com/LnL7/vim-nix",
  "rev": "7235c7ce2cea530cb6b59bc3e46d4bfe917d15c8",
  "date": "2025-02-01T21:57:33+01:00",
  "path": "/nix/store/aigaqi8c673ff842n0iqlm103mwfqm48-vim-nix",
  "sha256": "109narpbw9kbih7ai49p1zw7j2bj7nzpk3n02z80jcbgb48zqs8y",
  "hash": "sha256-Hmn8EVlvMQnQF8COeb89cgl5+A83kagOjGsmvm5WNoE=",
  "fetchLFS": false,
  "fetchSubmodules": true,
  "deepClone": false,
  "leaveDotGit": false
}
,"NoahTheDuke/vim-just":{
  "url": "https://github.com/NoahTheDuke/vim-just",
  "rev": "520f67ab70b6f687ad7e0e20111ea8f7f8cac810",
  "date": "2025-02-06T13:11:21-05:00",
  "path": "/nix/store/0fpk2g3hfl8wmxisajn4jbjy3548gih2-vim-just",
  "sha256": "18bkz4va049z28gxlfhivjd52gvnrz3zdv7rr37d0zy3s32nj64w",
  "hash": "sha256-nBhpxdDDf9DOyPns9sfPdj9RmtwROtofEj8RoDb5c6E=",
  "fetchLFS": false,
  "fetchSubmodules": true,
  "deepClone": false,
  "leaveDotGit": false
}
,"nvim-lua/plenary.nvim":{
  "url": "https://github.com/nvim-lua/plenary.nvim",
  "rev": "3707cdb1e43f5cea73afb6037e6494e7ce847a66",
  "date": "2025-01-12T10:53:15+01:00",
  "path": "/nix/store/zd1586yd62ygig6fjmwyy1a3cv8b7vwc-plenary.nvim",
  "sha256": "1h73y4ahj8rf6qiyjkm3jw9158fbkiix4kzig78jknvq8vgdgk6p",
  "hash": "sha256-18zX3kZ42ynRefFP0mOcy6ESEpejTukjNi4jCRXx48A=",
  "fetchLFS": false,
  "fetchSubmodules": true,
  "deepClone": false,
  "leaveDotGit": false
}
,"tanvirtin/vgit.nvim":{
  "url": "https://github.com/tanvirtin/vgit.nvim",
  "rev": "f2e225bb2b9607783924630b337a8b475893ffe8",
  "date": "2025-02-06T17:29:20-05:00",
  "path": "/nix/store/5p8kfg845h1mmliiiqa3sssnj6j87af8-vgit.nvim",
  "sha256": "1905wrj58pvyn8plq10iskbj2k7p4i9azqd6n63053zzqyrh0sfq",
  "hash": "sha256-2GkAs8f/jwKGsabhr1Ik90wh19QRBEwvsn5fVGTmBaQ=",
  "fetchLFS": false,
  "fetchSubmodules": true,
  "deepClone": false,
  "leaveDotGit": false
}
,"akinsho/git-conflict.nvim":{
  "url": "https://github.com/akinsho/git-conflict.nvim",
  "rev": "a1badcd070d176172940eb55d9d59029dad1c5a6",
  "date": "2024-12-27T22:53:23Z",
  "path": "/nix/store/apdm2d3jn6jf35xlbfh9wn2fx5ik9m88-git-conflict.nvim",
  "sha256": "05rnwhm1fmg3yb7j2xc9nmw262jc687qxhwabn97qarrk2da0r0a",
  "hash": "sha256-CmSgmpg5K3ySXYrDjg8yTAojeLWJdSHP8uNVFyrkNhc=",
  "fetchLFS": false,
  "fetchSubmodules": true,
  "deepClone": false,
  "leaveDotGit": false
}
,"lukas-reineke/indent-blankline.nvim":{
  "url": "https://github.com/lukas-reineke/indent-blankline.nvim",
  "rev": "e10626f7fcd51ccd56d7ffc00883ba7e0aa28f78",
  "date": "2025-01-20T19:37:47+09:00",
  "path": "/nix/store/7wcj5q812cwb5ppp4vkjmi9y39m33sa0-indent-blankline.nvim",
  "sha256": "1whsjd715rr59warfy7nmw0hzkxfkxgzx9c8r6k2vka4flifirnk",
  "hash": "sha256-0+boInVEzS2myYil/l+frs8PAa/2eJcVTyXnEk6TGvI=",
  "fetchLFS": false,
  "fetchSubmodules": true,
  "deepClone": false,
  "leaveDotGit": false
}
,"Glench/Vim-Jinja2-Syntax":{
  "url": "https://github.com/Glench/Vim-Jinja2-Syntax",
  "rev": "2c17843b074b06a835f88587e1023ceff7e2c7d1",
  "date": "2021-06-22T10:26:45-04:00",
  "path": "/nix/store/20jd519vqi6rpiygipqjaf35xpw8n2yk-Vim-Jinja2-Syntax",
  "sha256": "13mfzsw3kr3r826wkpd3jhh1sy2j10hlj1bv8n8r01hpbngikfg7",
  "hash": "sha256-57kZn10XBpCRRXsFSSEIUngdIJSj3cmNQHnkObj+ro4=",
  "fetchLFS": false,
  "fetchSubmodules": true,
  "deepClone": false,
  "leaveDotGit": false
}
,"Shirk/vim-gas":{
  "url": "https://github.com/Shirk/vim-gas",
  "rev": "fb0442f37e2db49a2e7a18e21dfc87a443020c8d",
  "date": "2023-12-28T14:34:40+01:00",
  "path": "/nix/store/iknd014x405p1z3ll2sw8bhdzxma3gfs-vim-gas",
  "sha256": "1lqq2a1g0lrjpdbjfvqhxjhr6qkcj237n6w9vp89b7ywgzpff5zm",
  "hash": "sha256-9Rfn7n/cn5XQ3Ykbe4aQbGKToewQbydXuzJT8IISGNM=",
  "fetchLFS": false,
  "fetchSubmodules": true,
  "deepClone": false,
  "leaveDotGit": false
}
,"leissa/vim-acme":{
  "url": "https://github.com/leissa/vim-acme",
  "rev": "f16df0fd2721a3b2e96d09346b5ed49de68c6919",
  "date": "2024-12-10T11:09:07+01:00",
  "path": "/nix/store/i0sgawa1ifv1dcifr19vcb9fbjpj68fh-vim-acme",
  "sha256": "1nwz4ryi5wf09nxv4qq0hyi2gx6jggkz0mz36i4vhdib8d8v7iaa",
  "hash": "sha256-SsWzUUMrNrhJNONX8Od70vQnoocAY7K7TcDxEn0mn9s=",
  "fetchLFS": false,
  "fetchSubmodules": true,
  "deepClone": false,
  "leaveDotGit": false
}
,"mg979/vim-visual-multi":{
  "url": "https://github.com/mg979/vim-visual-multi",
  "rev": "a6975e7c1ee157615bbc80fc25e4392f71c344d4",
  "date": "2024-09-01T20:09:22+02:00",
  "path": "/nix/store/bi6707110gsqf48i6fs2xk13h0h6p0lc-vim-visual-multi",
  "sha256": "15jrxvaip6mncl8b8q8c1i82m20m1mld11gv75x9hqng3y85cc1b",
  "hash": "sha256-KzBWkB/PYph6OfuF0GgNFYgqUAwMYbQQZbaaG9XuWZY=",
  "fetchLFS": false,
  "fetchSubmodules": true,
  "deepClone": false,
  "leaveDotGit": false
}
,"zetzit/vim":{
  "url": "https://github.com/zetzit/vim",
  "rev": "69c35e06e4933e5f02922a21de3dd5eece51f413",
  "date": "2020-11-16T22:00:44+01:00",
  "path": "/nix/store/577gwm0cywm0nn66w8zgf5d0gbzk84cd-vim",
  "sha256": "1336py8al0vxdrsi2ic28qbw2c8vwflf2hz89121045kfwvz5kh3",
  "hash": "sha256-A87yN3ezEBBESOhD4ajjGzHBF0aCRRF1bn0DqpC/Zow=",
  "fetchLFS": false,
  "fetchSubmodules": true,
  "deepClone": false,
  "leaveDotGit": false
}
,"jneen/ragel.vim":{
  "url": "https://github.com/jneen/ragel.vim",
  "rev": "898a06e8e0e48b4d589949a29fb511090cdf3f45",
  "date": "2014-11-05T09:03:54-08:00",
  "path": "/nix/store/56p12cdvzpjj5lglv16g5yzg2k5zkxp7-ragel.vim",
  "sha256": "0bq3m9yyd35lcck3182n5cfz3fck15939qrd1xd6azcfkwbq4mhm",
  "hash": "sha256-FVaCF5+OfWVaDy3jNFIJk7nxHStWoDAmY7SM5n2qAy8=",
  "fetchLFS": false,
  "fetchSubmodules": true,
  "deepClone": false,
  "leaveDotGit": false
}
,"google/vim-jsonnet":{
  "url": "https://github.com/google/vim-jsonnet",
  "rev": "4ebc6619ddce5d032a985b42a9864154c3d20e4a",
  "date": "2023-02-20T14:34:00Z",
  "path": "/nix/store/7fbcbjpgj9kb5kgqmji3p1616mvnhw5q-vim-jsonnet",
  "sha256": "1z2zk2wqfv58qxd8pa4hrpyhi5nlgf8m4gqb9f31pdnb78ci860a",
  "hash": "sha256-ChgUGTrLthuGSws/UpF71JYI/c2QqItax6hsh7mYX/w=",
  "fetchLFS": false,
  "fetchSubmodules": true,
  "deepClone": false,
  "leaveDotGit": false
}
,"purescript-contrib/purescript-vim":{
  "url": "https://github.com/purescript-contrib/purescript-vim",
  "rev": "82348352e6568fcc0385bd7c99a8ead3a479feea",
  "date": "2023-02-06T16:11:01+07:00",
  "path": "/nix/store/c5dykh9mvpmpfjx7j3nxy1qvjvwfk3n8-purescript-vim",
  "sha256": "14729v7rndi3l8fpnbzapgwb4dj7537fik54g6frm1r1724f5cr2",
  "hash": "sha256-IrPiiDghh5qdeaTM6M4oRzay+LvqL3sdoiM2m89O4pA=",
  "fetchLFS": false,
  "fetchSubmodules": true,
  "deepClone": false,
  "leaveDotGit": false
}
,"whonore/Coqtail":{
  "url": "https://github.com/whonore/Coqtail",
  "rev": "9bd2a1818e08fd6e52d72024a60c51a983770c81",
  "date": "2025-01-04T15:22:44-08:00",
  "path": "/nix/store/34zjrrdcbm1ll1jp0rc1hj4wz1dc3x7h-Coqtail",
  "sha256": "10qvp5pikcyyrvjaa9baabkdanix506vdbwj3ylgxxg8w3r1iapb",
  "hash": "sha256-66oY8uDo9f6oH5Kvtg0oPVrV5lJqJaXkzt6zGW+5G4M=",
  "fetchLFS": false,
  "fetchSubmodules": true,
  "deepClone": false,
  "leaveDotGit": false
}
,"tomtomjhj/coq-lsp.nvim":{
  "url": "https://github.com/tomtomjhj/coq-lsp.nvim",
  "rev": "6135ed25fc2a1b4b1b6451ed206dc38b493ff1a2",
  "date": "2024-10-29T02:39:28+09:00",
  "path": "/nix/store/0rilgbkb1f518qx5wy12m4v4sfysid1c-coq-lsp.nvim",
  "sha256": "1vlz2kgc82rhycxp4qcz2bwssnzbv16wvr3gsigbl8b7rxjv5ivr",
  "hash": "sha256-eceyZc9nIbpe1G/kzU3Y61ut+RKfYXI78zALxN4Un+4=",
  "fetchLFS": false,
  "fetchSubmodules": true,
  "deepClone": false,
  "leaveDotGit": false
}
,"xginn8/SBVR.vim":{
  "url": "https://github.com/xginn8/SBVR.vim",
  "rev": "387395ec6461dda9747346bc0170b4cf2385a330",
  "date": "2020-07-10T10:35:50-04:00",
  "path": "/nix/store/fjanfwf2s9p7l9l5b11zys6fhng4gfa7-SBVR.vim",
  "sha256": "10kl6ssdnf5r5c45yn115zqdigmyyypx08mis8a5zfpb9q9dgmbi",
  "hash": "sha256-cdXXEk7rul8U0rEi0K/3vr7Y8C8hWF8IK7k427Q2dII=",
  "fetchLFS": false,
  "fetchSubmodules": true,
  "deepClone": false,
  "leaveDotGit": false
}
,"wilt00/vim-y86-syntax":{
  "url": "https://github.com/wilt00/vim-y86-syntax",
  "rev": "1861343c2cbc7ced636b88f4efc81dcd07eb6bd1",
  "date": "2018-03-06T14:29:13-06:00",
  "path": "/nix/store/gxhirsim3c8nd59jvakndm39nymmi645-vim-y86-syntax",
  "sha256": "1w26m2aw3f86s53lsw8304i2gss0844p9wxw235ksmwsw0pafmx9",
  "hash": "sha256-qVenLuCaVz3LELzzdAlBQOsnIgEDcU1H0Qa5wZWoRvA=",
  "fetchLFS": false,
  "fetchSubmodules": true,
  "deepClone": false,
  "leaveDotGit": false
}
,"m42e/vim-gcov-marker":{
  "url": "https://github.com/m42e/vim-gcov-marker",
  "rev": "fc79ff9558126b53fd103cae41f6834e60fe85f5",
  "date": "2018-03-27T20:08:28+02:00",
  "path": "/nix/store/rsrn4fwh3zv047mmmd4drkjjf1vcdsjv-vim-gcov-marker",
  "sha256": "06v7ziyb2dbxlqvq2i40qhr1as6kxj7yl9dw9yfqx51c07r66f7v",
  "hash": "sha256-+zhj8gEslI6dT7wl6o/s02gVMsSARIE3pn01sXz8Zxs=",
  "fetchLFS": false,
  "fetchSubmodules": true,
  "deepClone": false,
  "leaveDotGit": false
}
,"ELLIOTTCABLE/vim-menhir":{
  "url": "https://github.com/ELLIOTTCABLE/vim-menhir",
  "rev": "7e9ebe0c129e3c9eeb50b6beb09cf0feef131e8e",
  "date": "2019-01-22T22:18:10-06:00",
  "path": "/nix/store/g5762aw99l1bpb78jsrbn8m2m0h963k0-vim-menhir",
  "sha256": "070y2gvrw2w5yh9g4mglkdk0afqm42a6klvby327wmd9rq3prcah",
  "hash": "sha256-ULF8B86pVX7E8GvTaZQgFTsFZpv0VfIS9IULnvcTHhw=",
  "fetchLFS": false,
  "fetchSubmodules": true,
  "deepClone": false,
  "leaveDotGit": false
}
,"petRUShka/vim-opencl":{
  "url": "https://github.com/petRUShka/vim-opencl",
  "rev": "7668b018fe9461c6b51e0b736ed84aa84d6bafce",
  "date": "2018-06-13T20:20:28+03:00",
  "path": "/nix/store/fqfhrz5ggqq2afpn607i8wvxfwfcs201-vim-opencl",
  "sha256": "0z8qasymkkaa272bjxmkp4sgd8qr4ypcqxlyzxgh5imp3gmrc6n1",
  "hash": "sha256-wRqW6xu3xgJf/552zK4nGaP2NLmzdrnEEUrNWb1WGH0=",
  "fetchLFS": false,
  "fetchSubmodules": true,
  "deepClone": false,
  "leaveDotGit": false
}
,"martinlroth/vim-acpi-asl":{
  "url": "https://github.com/martinlroth/vim-acpi-asl",
  "rev": "3397682276eba0e9af8391fe25087bed79a7aec5",
  "date": "2016-07-30T14:42:19-06:00",
  "path": "/nix/store/cs50lrgp2c9z547srcrjyaphfqbdc9w6-vim-acpi-asl",
  "sha256": "0wvi23pw1rc2a7gfc3ir06i4swfv2l5ki3ggyf5ngh8qhkryf2qs",
  "hash": "sha256-Ggvn84QYwWeL8++NOAsV23FNogE5DubeUYLlwO8QcXM=",
  "fetchLFS": false,
  "fetchSubmodules": true,
  "deepClone": false,
  "leaveDotGit": false
}
,"ryanoasis/vim-devicons":{
  "url": "https://github.com/ryanoasis/vim-devicons",
  "rev": "71f239af28b7214eebb60d4ea5bd040291fb7e33",
  "date": "2022-10-02T03:28:33+09:00",
  "path": "/nix/store/5lccjk9w33sz1lc0bd3r5hjvwa7rqhpj-vim-devicons",
  "sha256": "0kshppxgi63wn96a8h9zv7drwqcbljin5jhszh8q7pqw2xsd83gn",
  "hash": "sha256-9g3UdBcc34MR/BrKYqOki2Ge29k/QaRMsnyY+Pq9UE8=",
  "fetchLFS": false,
  "fetchSubmodules": true,
  "deepClone": false,
  "leaveDotGit": false
}
,"Jorengarenar/vim-syntaxMarkerFold":{
  "url": "https://github.com/Jorengarenar/vim-syntaxMarkerFold",
  "rev": "ee835c7ed2e678b8920439b07608b1094acae269",
  "date": "2024-08-11T17:30:41+02:00",
  "path": "/nix/store/fwl5fclq77yiyl8qlgljr8rfmyc7w3q8-vim-syntaxMarkerFold",
  "sha256": "10lqy4hsy0dcfj25qddkwfff9amzx9vn44mby45d733mzrppwfim",
  "hash": "sha256-NTp+b/51jNMK8asSYnfqv6rknOOzNVyEdKwBryHxmII=",
  "fetchLFS": false,
  "fetchSubmodules": true,
  "deepClone": false,
  "leaveDotGit": false
}
,"ziontee113/color-picker.nvim":{
  "url": "https://github.com/ziontee113/color-picker.nvim",
  "rev": "06cb5f853535dea529a523e9a0e8884cdf9eba4d",
  "date": "2023-05-21T16:06:21-06:00",
  "path": "/nix/store/wafqmslx947yi5gq4f06raxw68vlgwws-color-picker.nvim",
  "sha256": "1lhbyjsqn7vjdq8df4dx8b0dl8zh198pq6z8zyrcf6y1mcl6jn3b",
  "hash": "sha256-a1hpKKvBG8ey/+gbfFEK8CPawEK9EdcQbnIfi7X0C9I=",
  "fetchLFS": false,
  "fetchSubmodules": true,
  "deepClone": false,
  "leaveDotGit": false
}
}, "packages": ["universal-ctags","tree-sitter","wl-clipboard-x11","wl-clipboard-x11","vscode-extensions.vscjava.vscode-java-debug","tree-sitter"], "lsp-packages": ["python3Packages.python-lsp-server","elmPackages.elm-language-server","rust-analyzer","haskell-language-server","ccls","cmake-language-server","jsonnet-language-server","ocamlPackages.ocaml-lsp","nodePackages.vim-language-server","nodePackages.purescript-language-server","bash-language-server","nixd","texlab","nodePackages.typescript-language-server","nodePackages.vscode-langservers-extracted","nodePackages.vscode-langservers-extracted","phpactor","nodePackages.vscode-langservers-extracted","spectral-language-server","marksman","jdt-language-server","kotlin-language-server","coqPackages_8_16.coq-lsp","dot-language-server","lua-language-server","postgres-lsp","dockerfile-language-server-nodejs","docker-compose-language-service","marksman","texlab","dot-language-server","spectral-language-server"]}
