{ "repos": {"junegunn/vim-plug":{
  "url": "https://github.com/junegunn/vim-plug",
  "rev": "d80f495fabff8446972b8695ba251ca636a047b0",
  "date": "2024-07-09T20:09:41+09:00",
  "path": "/nix/store/2i3bg4c7rzqiqld1jfbg0vi1gv9l392d-vim-plug",
  "sha256": "01mlw9nl3yb4s90xd197is7wjagizjz2gm4531bfn03k49idkhkp",
  "hash": "sha256-d8LZYiJzAOtWGIXUJ7788SnJj44nhdZB0mT5QW3itAY=",
  "fetchLFS": false,
  "fetchSubmodules": true,
  "deepClone": false,
  "leaveDotGit": false
}
,"Khelda/vimthemes":{
  "url": "https://github.com/Khelda/vimthemes",
  "rev": "7838410218672ca214eca0a66963a9c9a24fc224",
  "date": "2024-09-30T16:34:13+02:00",
  "path": "/nix/store/wq9z41ngm0a386i6fq45xrmcg84wjwgy-vimthemes",
  "sha256": "1yqv673m5w4cnjca15qcccp2j8b71zjmb4c5m4fixlyxpbsnhiib",
  "hash": "sha256-K0Zo9brd0x4dqYWRVeUPZyEpLmMMl6CYtIzwUscxG/s=",
  "fetchLFS": false,
  "fetchSubmodules": true,
  "deepClone": false,
  "leaveDotGit": false
}
,"rktjmp/fwatch.nvim":{
  "url": "https://github.com/rktjmp/fwatch.nvim",
  "rev": "a691f7349dc66285cd75a1a698dd28bca45f2bf8",
  "date": "2022-07-04T18:27:44+10:00",
  "path": "/nix/store/1zbwjhfhqls0b9z127fx3qxyangswnvx-fwatch.nvim",
  "sha256": "0y8jqmpy85h6g1gjs36qpqvq9abhd7d9bmaiq7bnh7xjvvzg290v",
  "hash": "sha256-GyTx/t6yH2jXwVHVldppcKmEN77YDC1feAYW5G/FEnk=",
  "fetchLFS": false,
  "fetchSubmodules": true,
  "deepClone": false,
  "leaveDotGit": false
}
,"junegunn/goyo.vim":{
  "url": "https://github.com/junegunn/goyo.vim",
  "rev": "fa0263d456dd43f5926484d1c4c7022dfcb21ba9",
  "date": "2023-03-04T20:25:38+09:00",
  "path": "/nix/store/iv07wb09g5cvs137pamsaadsh7x78pm4-goyo.vim",
  "sha256": "0qmphp2hk3hyzq2vjsrm8zaxmjpqg6dbcbwwszxisvi9iryxjhml",
  "hash": "sha256-tELZfY4pbh3715wvtpp5+Mra1Uc1a7kF/h6OCcWFt2I=",
  "fetchLFS": false,
  "fetchSubmodules": true,
  "deepClone": false,
  "leaveDotGit": false
}
,"junegunn/limelight.vim":{
  "url": "https://github.com/junegunn/limelight.vim",
  "rev": "0c8cc7f503a775c505dc9c67f1f5041ab4d5f1fd",
  "date": "2024-09-12T18:17:43+09:00",
  "path": "/nix/store/5b3m19rmxhrjx4hnqck5gbqixmb19r77-limelight.vim",
  "sha256": "0qdll4x01912ldlv9ixh5z4zn8fddybc9mv53c8dx2advkglb6cg",
  "hash": "sha256-j5lF39xNid4QG2XXxJZvzSH7yS+wx7RpoyKkADqhtGE=",
  "fetchLFS": false,
  "fetchSubmodules": true,
  "deepClone": false,
  "leaveDotGit": false
}
,"nvim-lualine/lualine.nvim":{
  "url": "https://github.com/nvim-lualine/lualine.nvim",
  "rev": "2a5bae925481f999263d6f5ed8361baef8df4f83",
  "date": "2024-11-08T13:15:26+06:00",
  "path": "/nix/store/4l4d9wiphryygm9qan88fyngb70cksi1-lualine.nvim",
  "sha256": "0hp8gycbwm6ibq4rpa18j3g9xacgghklz4c8jlr4gif6g37r1pi0",
  "hash": "sha256-IN6Qz3jGxUcylYiRTyd8j6me3pAoqJsJXtFUvph/6EI=",
  "fetchLFS": false,
  "fetchSubmodules": true,
  "deepClone": false,
  "leaveDotGit": false
}
,"romgrk/barbar.nvim":{
  "url": "https://github.com/romgrk/barbar.nvim",
  "rev": "a26bae6c51899db530de19ce3c2f4307e37a869e",
  "date": "2024-12-05T17:02:15-05:00",
  "path": "/nix/store/mj06frdk0d6xgb635f9x7pwd25h99ccm-barbar.nvim",
  "sha256": "0gpzwypn9cyppd61mz9dgq76g6wzdzian9054d6yzy281ki2lxmz",
  "hash": "sha256-v3Yq4gxI+O9NIwUkq+Jvn5tnDn4t/RpMu9ezZK/n/z4=",
  "fetchLFS": false,
  "fetchSubmodules": true,
  "deepClone": false,
  "leaveDotGit": false
}
,"mikesmithgh/kitty-scrollback.nvim":{
  "url": "https://github.com/mikesmithgh/kitty-scrollback.nvim",
  "rev": "d52825b2a076586d1af156a066db2d18cd1fd8cb",
  "date": "2024-11-15T16:49:20Z",
  "path": "/nix/store/3fgbi2pr6czq4qccqv2smjpj1dp35vlz-kitty-scrollback.nvim",
  "sha256": "1mfwdmxh78x1xkqxrpdkzcrjqdz5xi5wisxfym04x5bawrb5m41y",
  "hash": "sha256-PpBaVuZqlU5A9a7ryEvs5TcsM/uz3dzx7KGjA3tt3NU=",
  "fetchLFS": false,
  "fetchSubmodules": true,
  "deepClone": false,
  "leaveDotGit": false
}
,"MunifTanjim/nui.nvim":{
  "url": "https://github.com/MunifTanjim/nui.nvim",
  "rev": "b58e2bfda5cea347c9d58b7f11cf3012c7b3953f",
  "date": "2024-09-15T11:05:28+06:00",
  "path": "/nix/store/4f6hj1vbnhs626v7nmwrm5a70g6mkr13-nui.nvim",
  "sha256": "0klz9wy09jk74f39v6f7s5gn98nf3vq4lgv5d29mkszpykxaligp",
  "hash": "sha256-90Wq+vT361mTaGU/SvAezqJkX9HHmZ2GI2fKBDxPn04=",
  "fetchLFS": false,
  "fetchSubmodules": true,
  "deepClone": false,
  "leaveDotGit": false
}
,"folke/noice.nvim":{
  "url": "https://github.com/folke/noice.nvim",
  "rev": "7b1960c48078a8b2fb44a89db82f4fa637b2d7c8",
  "date": "2024-12-07T20:45:32Z",
  "path": "/nix/store/846scdn554qg7idvy0f8zwni34k88dw8-noice.nvim",
  "sha256": "11pkjv3i24anz6pz55239mzllf7g4vx376iwxgp63fnlm7i5b2yj",
  "hash": "sha256-0otV4qnUumHu6zyaM/om7zhKf01DlPKv+VYREceW84Y=",
  "fetchLFS": false,
  "fetchSubmodules": true,
  "deepClone": false,
  "leaveDotGit": false
}
,"MunifTanjim/exrc.nvim":{
  "url": "https://github.com/MunifTanjim/exrc.nvim",
  "rev": "0aae882db72885ade36641d677a22204c72e50f4",
  "date": "2022-12-28T13:55:23+06:00",
  "path": "/nix/store/56yx2hj49pdbrp22j3nasng16ggzy3y6-exrc.nvim",
  "sha256": "0cl9jm6iya720nzhk575jr08f4jb63jh8lvqsb4fcj4j4jx057gv",
  "hash": "sha256-+50CuiSSSObI0nhTBOUwSxKHQJbllAm/BeIoH02ViTI=",
  "fetchLFS": false,
  "fetchSubmodules": true,
  "deepClone": false,
  "leaveDotGit": false
}
,"mattn/webapi-vim":{
  "url": "https://github.com/mattn/webapi-vim",
  "rev": "70c49ada7827d3545a65cbdab04c5c89a3a8464e",
  "date": "2022-11-23T14:23:37+09:00",
  "path": "/nix/store/acjd3b56r89ljs5k0kc8wimf3dn6js2g-webapi-vim",
  "sha256": "0sqhx4h2qchihf37g5fpa3arpxrnzsfpjj34ca3sdn4db89a0c8n",
  "hash": "sha256-FjGgElqN2KaHYmRIeZ3+Nveb1VDXlXeGgxEyLCDpEGs=",
  "fetchLFS": false,
  "fetchSubmodules": true,
  "deepClone": false,
  "leaveDotGit": false
}
,"rust-lang/rust.vim":{
  "url": "https://github.com/rust-lang/rust.vim",
  "rev": "889b9a7515db477f4cb6808bef1769e53493c578",
  "date": "2022-11-27T16:26:22+02:00",
  "path": "/nix/store/whswkank97mzh92b0n3l5bz8lkvw915b-rust.vim",
  "sha256": "1xklq4g6dvqd3a5msnrir899hzqmjkscpb8bq9wd4fi3ivmjjjgg",
  "hash": "sha256-70kp644jOtJ4wguty/SUFX+YEsoxW12LGg3vZh7BdPY=",
  "fetchLFS": false,
  "fetchSubmodules": true,
  "deepClone": false,
  "leaveDotGit": false
}
,"rcarriga/nvim-notify":{
  "url": "https://github.com/rcarriga/nvim-notify",
  "rev": "fbef5d32be8466dd76544a257d3f3dce20082a07",
  "date": "2024-09-22T17:26:10+01:00",
  "path": "/nix/store/9y7hdrs88x02l3p51w3wn8n9dsv58pwh-nvim-notify",
  "sha256": "0wbsib27kgrk632c094ivjbc8rw51kbalq9c8j576p78k93wipj9",
  "hash": "sha256-Sd7IR5roXHOKRCxhqtYMhWfEltyRJMDEMDO/ecSKenE=",
  "fetchLFS": false,
  "fetchSubmodules": true,
  "deepClone": false,
  "leaveDotGit": false
}
,"ncm2/float-preview.nvim":{
  "url": "https://github.com/ncm2/float-preview.nvim",
  "rev": "cd7974292f1bb87ed987a2b0e7ae6b632aa14ed6",
  "date": "2023-07-04T11:47:39+08:00",
  "path": "/nix/store/f9cg7rmzx90hmkny6z4fzzgxrrwnmc0s-float-preview.nvim",
  "sha256": "1i2fgki7zkmwmrs1jxb8yp4f1z4jnr1yvmyh1p1y1fv4hyairjfn",
  "hash": "sha256-1skclYdku+DDDdDX7UO2kvzgyPVodRl0rrzOf+J8TsQ=",
  "fetchLFS": false,
  "fetchSubmodules": true,
  "deepClone": false,
  "leaveDotGit": false
}
,"kevinhwang91/nvim-bqf":{
  "url": "https://github.com/kevinhwang91/nvim-bqf",
  "rev": "1b24dc6050c34e8cd377b6b4cd6abe40509e0187",
  "date": "2024-06-04T17:22:18+08:00",
  "path": "/nix/store/ilbjdy26vrycrqrca58id5367k30wm68-nvim-bqf",
  "sha256": "0y7hmx2am89lphx9bnszrbxm2s7y12vv3ksnr6i03nvhbx1xzgwk",
  "hash": "sha256-k7/fQ19w2wGiyVbPsbcI/mhR+8pf25U6vDShqkSv8Hg=",
  "fetchLFS": false,
  "fetchSubmodules": true,
  "deepClone": false,
  "leaveDotGit": false
}
,"nvim-treesitter/nvim-treesitter":{
  "url": "https://github.com/nvim-treesitter/nvim-treesitter",
  "rev": "0c26a5c4bc407fdbca545ab25cf6084fd069444b",
  "date": "2024-12-09T06:56:13Z",
  "path": "/nix/store/wq0s99y5lcbsdj5azskv1zxwcyyw4d9x-nvim-treesitter",
  "sha256": "1cm2npwr747cimri67yh1rhncw51jg77nk1a9fncd9zpxw4i24j7",
  "hash": "sha256-RxIRCe/3p8asSypMe86ToXBmYQ7QHxNzjeyQk/m1orI=",
  "fetchLFS": false,
  "fetchSubmodules": true,
  "deepClone": false,
  "leaveDotGit": false
}
,"nvim-treesitter/nvim-treesitter-context":{
  "url": "https://github.com/nvim-treesitter/nvim-treesitter-context",
  "rev": "3288c5af7d3820d716272f1d05ab661cc540a5d6",
  "date": "2024-12-08T07:45:05Z",
  "path": "/nix/store/l13ap0126gsy484l5p82wbfq9hfl9v3b-nvim-treesitter-context",
  "sha256": "11jsm6xqflzjrv0n60sqgdaq6i02135q1k46wybxgq407l7n4i6l",
  "hash": "sha256-1ERiDz2A4NeX54bMgMsIAkSDVXtYA2PBzvJTh7upWoY=",
  "fetchLFS": false,
  "fetchSubmodules": true,
  "deepClone": false,
  "leaveDotGit": false
}
,"github/copilot.vim":{
  "url": "https://github.com/github/copilot.vim",
  "rev": "87038123804796ca7af20d1b71c3428d858a9124",
  "date": "2024-10-08T15:39:00Z",
  "path": "/nix/store/2pdam3bmpswnz27d0vd5c2bkdzdmj87g-copilot.vim",
  "sha256": "1532h9694na7mx2lxmg0cx683df0x7w83vrrvd1gn5hwv96bhvpp",
  "hash": "sha256-9264TNocFvtC2znvgfjpwLWBTGfg1U5Fr0dZkkyCYpQ=",
  "fetchLFS": false,
  "fetchSubmodules": true,
  "deepClone": false,
  "leaveDotGit": false
}
,"kyazdani42/nvim-tree.lua":{
  "url": "https://github.com/kyazdani42/nvim-tree.lua",
  "rev": "db8d7ac1f524fc6f808764b29fa695c51e014aa6",
  "date": "2024-12-08T12:05:33+11:00",
  "path": "/nix/store/kr3wrzhqhyx1xvhp4njgpc1kqrlq6rba-nvim-tree.lua",
  "sha256": "0pzy1bl5901q8ahpaxxg3k5pjmgix2jc5l0fckmwsh6239g334nx",
  "hash": "sha256-3ZIxXhrCQM3rZA7QwqTo8VV5yxyvd3WhQjiAVOgK/l8=",
  "fetchLFS": false,
  "fetchSubmodules": true,
  "deepClone": false,
  "leaveDotGit": false
}
,"kyazdani42/nvim-web-devicons":{
  "url": "https://github.com/kyazdani42/nvim-web-devicons",
  "rev": "87c34abe5d1dc7c1c0a95aaaf888059c614c68ac",
  "date": "2024-12-07T16:00:58+11:00",
  "path": "/nix/store/a89wm6lcdm97wx3qa5fpy41wfsgxp1qx-nvim-web-devicons",
  "sha256": "1kkrnsxja92kvrk5lh8sldad4wcnhwgpcpiqhwzn2pg2xda14a08",
  "hash": "sha256-CCgSVOviXWE/hzhedh+HlnHSVKMaQVpm3lMkJbu2ec4=",
  "fetchLFS": false,
  "fetchSubmodules": true,
  "deepClone": false,
  "leaveDotGit": false
}
,"mfussenegger/nvim-dap":{
  "url": "https://github.com/mfussenegger/nvim-dap",
  "rev": "580d6e526358afd0e4bba053e68fd59cf581a161",
  "date": "2024-12-06T22:01:21+01:00",
  "path": "/nix/store/6fvi773f7j9621yfpvifcxrb91yhmva4-nvim-dap",
  "sha256": "1mbh8fa2iigjhm1nzdy2xlxpy0nkdjkvlk3g1l3xgijh4l40i147",
  "hash": "sha256-h4QICCVQxtcHDW9Muqds0wJ/O+3Ct29DhfLFKJRDcNU=",
  "fetchLFS": false,
  "fetchSubmodules": true,
  "deepClone": false,
  "leaveDotGit": false
}
,"mfussenegger/nvim-dap-python":{
  "url": "https://github.com/mfussenegger/nvim-dap-python",
  "rev": "34282820bb713b9a5fdb120ae8dd85c2b3f49b51",
  "date": "2024-11-29T21:20:29+01:00",
  "path": "/nix/store/h520isqhp4hy7kfd9935lpdq0lb22nsj-nvim-dap-python",
  "sha256": "162kr9nkc5cshmsn3lsksc9qj63g6ln9cwhvm2v7mzvjcmj1wga3",
  "hash": "sha256-Qz0eZGVy/3q2qBtyliw1bxiJE9NT02F1hZoVNm3KU5g=",
  "fetchLFS": false,
  "fetchSubmodules": true,
  "deepClone": false,
  "leaveDotGit": false
}
,"neovim/nvim-lspconfig":{
  "url": "https://github.com/neovim/nvim-lspconfig",
  "rev": "b8b725659fa60d2c5f5bd7459bcfee1d8b34acd5",
  "date": "2024-12-09T17:19:04+08:00",
  "path": "/nix/store/ikri6p1an54hcymglrhjqc4nv9m4hk8l-nvim-lspconfig",
  "sha256": "151kwlsx22pm8cg8l5a1bjdnsz4k17zsakbgy0h4p25m4dl5ci0w",
  "hash": "sha256-HERWaCO1iEsg8G9Npf8Jk3xtm1xBFYoeQ/UK0TXlM5Q=",
  "fetchLFS": false,
  "fetchSubmodules": true,
  "deepClone": false,
  "leaveDotGit": false
}
,"ms-jpq/coq_nvim":{
  "url": "https://github.com/ms-jpq/coq_nvim",
  "rev": "976012b0c13763a47edbd55492ba53b03b498cdd",
  "date": "2024-12-06T09:48:43-05:00",
  "path": "/nix/store/biwfwzdwknqw8r8gxhy0akykzjyvybm5-coq_nvim",
  "sha256": "18lhxhx3xj6vmdalar89rkhyzj4kwdha222hdq04d9z366g91hzv",
  "hash": "sha256-+8OQnjHjp0YAblAIoWDjk8jv4cwJZUVVq9vIPjrskKI=",
  "fetchLFS": false,
  "fetchSubmodules": true,
  "deepClone": false,
  "leaveDotGit": false
}
,"ms-jpq/coq.thirdparty":{
  "url": "https://github.com/ms-jpq/coq.thirdparty",
  "rev": "12ce499eddf83b524e0540f6fa2e49dcaec6060c",
  "date": "2024-12-01T15:21:32-04:00",
  "path": "/nix/store/1xg0yzmz32g415226yk6i5rb47a348rz-coq.thirdparty",
  "sha256": "0j6w6hpxnwbbrwj56k9y62j0fwhq2igf4blmf5bng8jymrqsa7q9",
  "hash": "sha256-CR+lca5eomdXcZUu4l4UGHIHpDA+TVMkz2tx2y803Eg=",
  "fetchLFS": false,
  "fetchSubmodules": true,
  "deepClone": false,
  "leaveDotGit": false
}
,"SirVer/UltiSnips":{
  "url": "https://github.com/SirVer/UltiSnips",
  "rev": "49dc8cb2086db19d385791c8e1635723b0fd95c7",
  "date": "2024-03-15T20:25:53+01:00",
  "path": "/nix/store/ywvalhfplkgwk4b44y90ldgg2bl2lycj-UltiSnips",
  "sha256": "1awhd7iprh4387m97pak46cw81240wqyrrrkkkzgmw1qzmwh3nip",
  "hash": "sha256-N9oBef048Pr+nDPn7DEHRATEmSFT3ZPqQYPAfONpkKs=",
  "fetchLFS": false,
  "fetchSubmodules": true,
  "deepClone": false,
  "leaveDotGit": false
}
,"junegunn/fzf":{
  "url": "https://github.com/junegunn/fzf",
  "rev": "7f4964b366acde40dfd0035d925579b4587394d3",
  "date": "2024-12-08T00:02:15Z",
  "path": "/nix/store/giqrxqqypwrfwiwsjyn90y52zpb86ci9-fzf",
  "sha256": "01bi4avzrdi0775xqf6mrg305f8mgxqv60c8sj1662idc6wjdhjh",
  "hash": "sha256-UMImuWEtCmOC1IgBs3F/FbkCxsvVONzLOSC2/LcicQU=",
  "fetchLFS": false,
  "fetchSubmodules": true,
  "deepClone": false,
  "leaveDotGit": false
}
,"junegunn/fzf.vim":{
  "url": "https://github.com/junegunn/fzf.vim",
  "rev": "556f45e79ae5e3970054fee4c4373472604a1b4e",
  "date": "2024-10-29T14:09:47+09:00",
  "path": "/nix/store/pxydcjh9rgc8dzx0rsngzkhbvpr93jg5-fzf.vim",
  "sha256": "0p4ip7mqaqychxsrqk9qfa4yllfp82rqvm64v0ljk6n4yah7m328",
  "hash": "sha256-SIx6oPLEmikp2MTUjbNA11HqiXI4TZx1h8xjheu5kVw=",
  "fetchLFS": false,
  "fetchSubmodules": true,
  "deepClone": false,
  "leaveDotGit": false
}
,"RishabhRD/popfix":{
  "url": "https://github.com/RishabhRD/popfix",
  "rev": "bf3cc436df63cd535350d5ef1b951c91554d4b01",
  "date": "2022-07-04T10:16:10+02:00",
  "path": "/nix/store/ksxiwfmbpn5n4svr5f78pfp1hjp65f3q-popfix",
  "sha256": "0vp8d5wln3bcmpf8qldav4hpm3yn2qnzdq0p486hdvvqvwwy8j91",
  "hash": "sha256-IUnkOd947wYNIhfg9i0W1o96IdmqUYzcrWwNS3lp6G4=",
  "fetchLFS": false,
  "fetchSubmodules": true,
  "deepClone": false,
  "leaveDotGit": false
}
,"RishabhRD/nvim-lsputils":{
  "url": "https://github.com/RishabhRD/nvim-lsputils",
  "rev": "ae1a4a62449863ad82c70713d5b6108f3a07917c",
  "date": "2022-01-29T17:03:35+05:30",
  "path": "/nix/store/abrrlbxsaligvi27q2xwl1cdnf4cizr3-nvim-lsputils",
  "sha256": "0xl3crhgkzmas8zdcycgk11am3wx0az4jh7fh5n4lsjip8895p4s",
  "hash": "sha256-mtySELpRakpsge5ASb4CnY+qQpiPedY+0qr++WBmg3Y=",
  "fetchLFS": false,
  "fetchSubmodules": true,
  "deepClone": false,
  "leaveDotGit": false
}
,"folke/trouble.nvim":{
  "url": "https://github.com/folke/trouble.nvim",
  "rev": "46cf952fc115f4c2b98d4e208ed1e2dce08c9bf6",
  "date": "2024-11-27T09:57:52Z",
  "path": "/nix/store/yq6b2i30jsrk9gb9b98fdzfn1g0v6wa4-trouble.nvim",
  "sha256": "12ky8alz6zi2vlqspnacmkj99d4sam4hrzs92i3n4sz6jx2w8696",
  "hash": "sha256-JhnERZfma2JHFEn/DElVmrSU5KxM2asx3SJ+86lCfoo=",
  "fetchLFS": false,
  "fetchSubmodules": true,
  "deepClone": false,
  "leaveDotGit": false
}
,"jackguo380/vim-lsp-cxx-highlight":{
  "url": "https://github.com/jackguo380/vim-lsp-cxx-highlight",
  "rev": "e0c749e955446b4e9e4cc33833fa45e30d8a15fe",
  "date": "2024-09-23T20:57:47-07:00",
  "path": "/nix/store/7xsw4d64ckg01s9n7b250yyxyn0fi46b-vim-lsp-cxx-highlight",
  "sha256": "153p37lhyvhr0702iz50s0rh41xp78vr8ksc61cwvipb0sf3xnrk",
  "hash": "sha256-M9s+nAbrxs1ZMExPlDc6twcCM9Cg/CjAARluD+kZd5Q=",
  "fetchLFS": false,
  "fetchSubmodules": true,
  "deepClone": false,
  "leaveDotGit": false
}
,"folke/lsp-colors.nvim":{
  "url": "https://github.com/folke/lsp-colors.nvim",
  "rev": "2bbe7541747fd339bdd8923fc45631a09bb4f1e5",
  "date": "2023-02-27T13:30:08+01:00",
  "path": "/nix/store/1ialm8ah825wrblcf8qabvqcm7kvs7rh-lsp-colors.nvim",
  "sha256": "0vmsgp0ld2y5r339q0pqm4qi1vlhbbp6c4mbgbip2li3mb6b1w3w",
  "hash": "sha256-fPCwzKojUnHjeqsSZu5akO4QMan4ApzGyMWLRsF9um4=",
  "fetchLFS": false,
  "fetchSubmodules": true,
  "deepClone": false,
  "leaveDotGit": false
}
,"luukvbaal/statuscol.nvim":{
  "url": "https://github.com/luukvbaal/statuscol.nvim",
  "rev": "8822f76e105549620ef9c0d96e7b95aedf14c490",
  "date": "2024-11-07T22:01:51Z",
  "path": "/nix/store/x0kiqja6q09k8ii7i8gikfp5rqh81g53-statuscol.nvim",
  "sha256": "00rnxgmlj23fvrc2jwm9p2bwychhqmfl6bsab49c1y9l3z7kbp4w",
  "hash": "sha256-nNw1zx80+cASWUovQ13FEDLPl7ipcilY3m4ISevrNgM=",
  "fetchLFS": false,
  "fetchSubmodules": true,
  "deepClone": false,
  "leaveDotGit": false
}
,"weilbith/nvim-code-action-menu":{
  "url": "https://github.com/weilbith/nvim-code-action-menu",
  "rev": "8c7672a4b04d3cc4edd2c484d05b660a9cb34a1b",
  "date": "2023-12-11T10:34:57+01:00",
  "path": "/nix/store/3qac7ifcs377jxvrld119hh4pya64yi6-nvim-code-action-menu",
  "sha256": "13rjzsw44151gk9zwl7gmmmdysb6hz1i5mcw1mprif41v0zrm3x5",
  "hash": "sha256-pY+aP9iBuJhvDZzVEsOHZmnfaq3vUP7TfKEEQrj+Mo8=",
  "fetchLFS": false,
  "fetchSubmodules": true,
  "deepClone": false,
  "leaveDotGit": false
}
,"3rd/image.nvim":{
  "url": "https://github.com/3rd/image.nvim",
  "rev": "b3e1af829a56bb038e5f81bf97798a2950064b62",
  "date": "2024-12-05T02:46:09+02:00",
  "path": "/nix/store/zsknxrc4n0bp5ixlx50qjy420m73fk5x-image.nvim",
  "sha256": "1nd5x8mnxj3d7q7l8khrfcj7mv50sd3h6515slyp4r4sy9k5bna2",
  "hash": "sha256-QtlVZvKaZHI91SUUA0fToOx6JHMZTkQPPm3Ibivqpdk=",
  "fetchLFS": false,
  "fetchSubmodules": true,
  "deepClone": false,
  "leaveDotGit": false
}
,"HakonHarnes/img-clip.nvim":{
  "url": "https://github.com/HakonHarnes/img-clip.nvim",
  "rev": "5ff183655ad98b5fc50c55c66540375bbd62438c",
  "date": "2024-11-26T22:04:45+01:00",
  "path": "/nix/store/v48fm3qym9yifi3784a4aixv85xfiagy-img-clip.nvim",
  "sha256": "15db3md2c822v8w3rkbfhw2jfmx31fak6b6mpvbsmjqsq89zi2s3",
  "hash": "sha256-Q4v4E8Iay6rXvtUsM5ULo1cnBYduzTw42kIgJlodq5U=",
  "fetchLFS": false,
  "fetchSubmodules": true,
  "deepClone": false,
  "leaveDotGit": false
}
,"benlubas/molten-nvim":{
  "url": "https://github.com/benlubas/molten-nvim",
  "rev": "2f549c823b5564c87edb645bfc039a406c650e40",
  "date": "2024-11-13T20:13:22-05:00",
  "path": "/nix/store/1i1j4994savql344s2g08n8l6dp306kw-molten-nvim",
  "sha256": "1gp6y58br1bnp8hvp7kpb7i9kxmhgcr8501fanj0dr66gz69yzj0",
  "hash": "sha256-QH6fzH/G5AakVS6AgjJ7sPaZ4ll3nrshunaFvFDx5r4=",
  "fetchLFS": false,
  "fetchSubmodules": true,
  "deepClone": false,
  "leaveDotGit": false
}
,"mfussenegger/nvim-jdtls":{
  "url": "https://github.com/mfussenegger/nvim-jdtls",
  "rev": "ece818f909c6414cbad4e1fb240d87e003e10fda",
  "date": "2024-11-26T17:19:55+01:00",
  "path": "/nix/store/xy983qn2i5i8ahgbfacjv2w9k6qyd0ld-nvim-jdtls",
  "sha256": "0w8v835diycphiq5rd9pw43sjsyqj0fbfw9njw11i0967ls0ap0b",
  "hash": "sha256-C1wFND0mgRgClzZxtxyQ2GupB+E3tVxwhJf52MpAG3E=",
  "fetchLFS": false,
  "fetchSubmodules": true,
  "deepClone": false,
  "leaveDotGit": false
}
,"mhinz/vim-startify":{
  "url": "https://github.com/mhinz/vim-startify",
  "rev": "4e089dffdad46f3f5593f34362d530e8fe823dcf",
  "date": "2023-09-20T14:46:23+02:00",
  "path": "/nix/store/d1x8p0lizdvg6c8k5pg0lyca5qlj70j1-vim-startify",
  "sha256": "1ycqfqnmalqzrx1yy9a1fc2p0w922x4sqv2222bi9xjzmh77z4sv",
  "hash": "sha256-W5N/Dqxf9hSXEEJsrEkXInFwBXNBJe9Dzx9TVS12mPk=",
  "fetchLFS": false,
  "fetchSubmodules": true,
  "deepClone": false,
  "leaveDotGit": false
}
,"liuchengxu/vista.vim":{
  "url": "https://github.com/liuchengxu/vista.vim",
  "rev": "c07585b588071adc8e9670becadb89307153e4d1",
  "date": "2024-06-11T15:56:38+08:00",
  "path": "/nix/store/c0zvxgspwxi64zdhxxqq1klgzxmkj51i-vista.vim",
  "sha256": "0gpa38jn41pa550l30kvb5wb04bac45sl4dxbwhqhnay42wc90fk",
  "hash": "sha256-04HEuCBeWYghX70RqgthahGweFl7gkFBKeoGYiUa6j4=",
  "fetchLFS": false,
  "fetchSubmodules": true,
  "deepClone": false,
  "leaveDotGit": false
}
,"gabesoft/vim-ags":{
  "url": "https://github.com/gabesoft/vim-ags",
  "rev": "4b1cb6cc66345919385e71eea5140001946914f4",
  "date": "2020-01-26T17:48:55-08:00",
  "path": "/nix/store/70b4mjk1lxjin886hfyvpg69zf0c13wq-vim-ags",
  "sha256": "10gkian2dad3f4i38r0wi21sb2mqr0p93q44x2ymbmzs74yv276z",
  "hash": "sha256-3xyxPTn611W96ITgkS7IuIqlg4gcZDQicaOpJqyK84E=",
  "fetchLFS": false,
  "fetchSubmodules": true,
  "deepClone": false,
  "leaveDotGit": false
}
,"direnv/direnv.vim":{
  "url": "https://github.com/direnv/direnv.vim",
  "rev": "ab2a7e08dd630060cd81d7946739ac7442a4f269",
  "date": "2023-12-02T11:54:18+01:00",
  "path": "/nix/store/cdrb6zwhyx2884z0kciqrf5vy3xmj3a6-direnv.vim",
  "sha256": "1hhwfnaj9ibz17ggxvhzrkinghfy51fqfa0bs482z484jpvjc31g",
  "hash": "sha256-Lwwm95UEkS8Q0Qsoh10o3sFn48wf7v7eCX/FJJV1HMI=",
  "fetchLFS": false,
  "fetchSubmodules": true,
  "deepClone": false,
  "leaveDotGit": false
}
,"nicwest/vim-http":{
  "url": "https://github.com/nicwest/vim-http",
  "rev": "7eb78e9753c10ca696d80a2668831bdd2aa08a92",
  "date": "2023-08-30T11:43:39+01:00",
  "path": "/nix/store/0vpkyaa29jp0n9zz3c5lzsjmynzcxpyy-vim-http",
  "sha256": "1cc19vhd3y6azc367p172119118ba0cjxzfj3amjmfnnq62a4m1f",
  "hash": "sha256-LlSihMHWuiqrGtL9LhlQC4WQQhAn3GMG+8r40eBOgbE=",
  "fetchLFS": false,
  "fetchSubmodules": true,
  "deepClone": false,
  "leaveDotGit": false
}
,"vim-latex/vim-latex":{
  "url": "https://github.com/vim-latex/vim-latex",
  "rev": "f2a149f396aa04bc553c7e21604fe7cc28fa46cb",
  "date": "2024-11-27T22:37:30+01:00",
  "path": "/nix/store/30b8fl03q7vw6j3q2bynk7vz07w75xrl-vim-latex",
  "sha256": "08imwnb3ymn8widxb8yz4jrmjm34j3mvv7c6fy58p3fbnaya7lx4",
  "hash": "sha256-pNOjvLLLjYuKd4adveuQZFRZsyTfo9Vb5MhWP5blNSI=",
  "fetchLFS": false,
  "fetchSubmodules": true,
  "deepClone": false,
  "leaveDotGit": false
}
,"vim-pandoc/vim-pandoc":{
  "url": "https://github.com/vim-pandoc/vim-pandoc",
  "rev": "bd11902651edc18076f90ed291581d785be52311",
  "date": "2024-07-22T23:11:04+03:00",
  "path": "/nix/store/90r630amhphx3kbxxrmg0hzphn7n5k8w-vim-pandoc",
  "sha256": "0aj0gsn2q5dqx9faky7fpqz93h6yih46dn7mn9gm80sdlv575gix",
  "hash": "sha256-Pb5yyqZNA1RfsvXYZgiM3sCRPr7u+Klc6rgVLKx+QCo=",
  "fetchLFS": false,
  "fetchSubmodules": true,
  "deepClone": false,
  "leaveDotGit": false
}
,"vim-pandoc/vim-pandoc-syntax":{
  "url": "https://github.com/vim-pandoc/vim-pandoc-syntax",
  "rev": "16939cda184ff555938cc895cc62477c172997f9",
  "date": "2023-11-26T10:58:38+03:00",
  "path": "/nix/store/9njp3ypxa6d201fvbnpcz62ank6iqjzk-vim-pandoc-syntax",
  "sha256": "1rk3iqqzckrni1qznv1rmi63lf2h2qcis6z7priqn7zi2v41jgpa",
  "hash": "sha256-6j4ZyBbxH4tjvucbHRkWUDg6TKw5bPtxiDZP9jGOY+Y=",
  "fetchLFS": false,
  "fetchSubmodules": true,
  "deepClone": false,
  "leaveDotGit": false
}
,"Khelda/Vim-EPUB":{
  "url": "https://github.com/Khelda/Vim-EPUB",
  "rev": "7cf3b5c30d9e2c56ff3d37caef478910fdc4bc3b",
  "date": "2024-12-09T11:32:39+01:00",
  "path": "/nix/store/i8hpvgkh3n6mbiq0s849kizabcbdp9fg-Vim-EPUB",
  "sha256": "0xnxqik4l8s1d7fbahlj5lly8igm0dg95zynj4m2wy0i8hid1687",
  "hash": "sha256-B5nQIkQReC4qkdb/kl4D9UXkKS2SQrXcaUEjSmbE3XY=",
  "fetchLFS": false,
  "fetchSubmodules": true,
  "deepClone": false,
  "leaveDotGit": false
}
,"chrisbra/csv.vim":{
  "url": "https://github.com/chrisbra/csv.vim",
  "rev": "8633030a2c70640d5525e9dc946b4570391346db",
  "date": "2024-12-05T20:57:41+01:00",
  "path": "/nix/store/n3nnrxjq7jgmj0v9qg8ww9s2ia1ri23r-csv.vim",
  "sha256": "1613z8na4k4nsardmnwx0pd4kzrq7l1palb8kdiws0lkm7qacwv8",
  "hash": "sha256-aHOm8KmTAs1jm2hRdQM9OP9J2gWd29qy0pZMoiz6I5g=",
  "fetchLFS": false,
  "fetchSubmodules": true,
  "deepClone": false,
  "leaveDotGit": false
}
,"tpope/vim-cucumber":{
  "url": "https://github.com/tpope/vim-cucumber",
  "rev": "c0c9f5fd631632d794c6aa6d8d0ab13f834a1113",
  "date": "2023-11-20T10:42:58-05:00",
  "path": "/nix/store/h72vf34pgk118w9sq8m64dqlli5940b4-vim-cucumber",
  "sha256": "1bppvd9bhpw5zlyy98sldnmd3k7v7pqkpgvhma9wfaqgdi4axw8w",
  "hash": "sha256-HPGuSGwPK8eTqnC/O/E9+8zRqm1Uo+Q9/YVfuFLb964=",
  "fetchLFS": false,
  "fetchSubmodules": true,
  "deepClone": false,
  "leaveDotGit": false
}
,"LnL7/vim-nix":{
  "url": "https://github.com/LnL7/vim-nix",
  "rev": "e25cd0f2e5922f1f4d3cd969f92e35a9a327ffb0",
  "date": "2024-02-24T11:56:05+01:00",
  "path": "/nix/store/6mg3ik2yhp24aazc1ll0bn495s9pc4kb-vim-nix",
  "sha256": "15k08hl1xls2zxa9sgsjygb6j8643pc0s0fpi05bfldf9z4mxzyv",
  "hash": "sha256-2/9eyU+uUbcKiNcBDdgdxCBp1vNSP51U/0LTHihEYJY=",
  "fetchLFS": false,
  "fetchSubmodules": true,
  "deepClone": false,
  "leaveDotGit": false
}
,"NoahTheDuke/vim-just":{
  "url": "https://github.com/NoahTheDuke/vim-just",
  "rev": "fbe69d1723230e14f245ca34b0c98fa916b36f64",
  "date": "2024-11-21T10:59:40-05:00",
  "path": "/nix/store/wnprr2sghmxkz98xj8k46g90fsfxapwq-vim-just",
  "sha256": "0j1r94v3grd1s4drg18r5ajnwvm4danyrzbaj90xb712bakcjyiw",
  "hash": "sha256-PHrJploinNVBkmr97K1qpG5upSoZhZcb0aHlNzZJOUg=",
  "fetchLFS": false,
  "fetchSubmodules": true,
  "deepClone": false,
  "leaveDotGit": false
}
,"nvim-lua/plenary.nvim":{
  "url": "https://github.com/nvim-lua/plenary.nvim",
  "rev": "2d9b06177a975543726ce5c73fca176cedbffe9d",
  "date": "2024-09-17T21:52:56+02:00",
  "path": "/nix/store/250ca187dml3bawjh9lfkg740gwag9c4-plenary.nvim",
  "sha256": "1blmh0qr010jhydw61kiynll2m7q4xyrvrva8b5ipf1g81x8ysbf",
  "hash": "sha256-bmmPekAvuBvLQmrnnX0n+FRBqfVxBsObhxIEkDGAla4=",
  "fetchLFS": false,
  "fetchSubmodules": true,
  "deepClone": false,
  "leaveDotGit": false
}
,"tanvirtin/vgit.nvim":{
  "url": "https://github.com/tanvirtin/vgit.nvim",
  "rev": "9afe79a3ae65594ca483c2e6161690ff9b85123b",
  "date": "2024-08-03T10:41:22-04:00",
  "path": "/nix/store/7griz9m0a98p44w4k93cms6h149fwihx-vgit.nvim",
  "sha256": "1r3jlzagy7np763azd8d8wm3vqz4iga8irgdg4x2xbx2h1by4va2",
  "hash": "sha256-Qm3iV4Ciry46ee3liNSL5OM9KkcNta+GOdce/9SncuQ=",
  "fetchLFS": false,
  "fetchSubmodules": true,
  "deepClone": false,
  "leaveDotGit": false
}
,"akinsho/git-conflict.nvim":{
  "url": "https://github.com/akinsho/git-conflict.nvim",
  "rev": "4dc906855751096aaeba2edde7c2cdc7bb881c98",
  "date": "2024-11-09T14:35:27Z",
  "path": "/nix/store/mfihihigwihxmnbm3c31lv2bxjgh5zjh-git-conflict.nvim",
  "sha256": "17j8aaf0m8rc93zcnxd34y1g5k0aylhy7s5zgkk39a0sjkafsf3a",
  "hash": "sha256-ajjt1JQaqDTmfL/o4yH1Cszygiejdcv+SCyjCpxSSJ4=",
  "fetchLFS": false,
  "fetchSubmodules": true,
  "deepClone": false,
  "leaveDotGit": false
}
,"lukas-reineke/indent-blankline.nvim":{
  "url": "https://github.com/lukas-reineke/indent-blankline.nvim",
  "rev": "259357fa4097e232730341fa60988087d189193a",
  "date": "2024-12-04T16:14:24+09:00",
  "path": "/nix/store/82xf7qb2qlzbrqg0pzj0gwn9rxlr11sl-indent-blankline.nvim",
  "sha256": "1q9fgqvr84lynhy2vcyzp9xhzrl80g2pin14v7d3v0pgj10m8y8z",
  "hash": "sha256-H3lUQZDvgj3a2STYeMUDiOYPe7rfsy08tJ4SlDd+LuE=",
  "fetchLFS": false,
  "fetchSubmodules": true,
  "deepClone": false,
  "leaveDotGit": false
}
,"Glench/Vim-Jinja2-Syntax":{
  "url": "https://github.com/Glench/Vim-Jinja2-Syntax",
  "rev": "2c17843b074b06a835f88587e1023ceff7e2c7d1",
  "date": "2021-06-22T10:26:45-04:00",
  "path": "/nix/store/20jd519vqi6rpiygipqjaf35xpw8n2yk-Vim-Jinja2-Syntax",
  "sha256": "13mfzsw3kr3r826wkpd3jhh1sy2j10hlj1bv8n8r01hpbngikfg7",
  "hash": "sha256-57kZn10XBpCRRXsFSSEIUngdIJSj3cmNQHnkObj+ro4=",
  "fetchLFS": false,
  "fetchSubmodules": true,
  "deepClone": false,
  "leaveDotGit": false
}
,"Shirk/vim-gas":{
  "url": "https://github.com/Shirk/vim-gas",
  "rev": "fb0442f37e2db49a2e7a18e21dfc87a443020c8d",
  "date": "2023-12-28T14:34:40+01:00",
  "path": "/nix/store/iknd014x405p1z3ll2sw8bhdzxma3gfs-vim-gas",
  "sha256": "1lqq2a1g0lrjpdbjfvqhxjhr6qkcj237n6w9vp89b7ywgzpff5zm",
  "hash": "sha256-9Rfn7n/cn5XQ3Ykbe4aQbGKToewQbydXuzJT8IISGNM=",
  "fetchLFS": false,
  "fetchSubmodules": true,
  "deepClone": false,
  "leaveDotGit": false
}
,"leissa/vim-acme":{
  "url": "https://github.com/leissa/vim-acme",
  "rev": "dcc9c91c11fcbc579d1fe841e3561d9b664cd00c",
  "date": "2019-11-12T14:22:02+01:00",
  "path": "/nix/store/z5hrk3v0db09hrw4mzr3l9alcfkw5g79-vim-acme",
  "sha256": "1ddyrkzgci44kigvhdh3cs78j63ip3g8fcccbbwsgvsa57mfh1a2",
  "hash": "sha256-QgXo6ilK76f5Wowxh964cRiJjmYDNrhfnIRE9v7MvrU=",
  "fetchLFS": false,
  "fetchSubmodules": true,
  "deepClone": false,
  "leaveDotGit": false
}
,"mg979/vim-visual-multi":{
  "url": "https://github.com/mg979/vim-visual-multi",
  "rev": "a6975e7c1ee157615bbc80fc25e4392f71c344d4",
  "date": "2024-09-01T20:09:22+02:00",
  "path": "/nix/store/bi6707110gsqf48i6fs2xk13h0h6p0lc-vim-visual-multi",
  "sha256": "15jrxvaip6mncl8b8q8c1i82m20m1mld11gv75x9hqng3y85cc1b",
  "hash": "sha256-KzBWkB/PYph6OfuF0GgNFYgqUAwMYbQQZbaaG9XuWZY=",
  "fetchLFS": false,
  "fetchSubmodules": true,
  "deepClone": false,
  "leaveDotGit": false
}
,"zetzit/vim":{
  "url": "https://github.com/zetzit/vim",
  "rev": "69c35e06e4933e5f02922a21de3dd5eece51f413",
  "date": "2020-11-16T22:00:44+01:00",
  "path": "/nix/store/577gwm0cywm0nn66w8zgf5d0gbzk84cd-vim",
  "sha256": "1336py8al0vxdrsi2ic28qbw2c8vwflf2hz89121045kfwvz5kh3",
  "hash": "sha256-A87yN3ezEBBESOhD4ajjGzHBF0aCRRF1bn0DqpC/Zow=",
  "fetchLFS": false,
  "fetchSubmodules": true,
  "deepClone": false,
  "leaveDotGit": false
}
,"jneen/ragel.vim":{
  "url": "https://github.com/jneen/ragel.vim",
  "rev": "898a06e8e0e48b4d589949a29fb511090cdf3f45",
  "date": "2014-11-05T09:03:54-08:00",
  "path": "/nix/store/56p12cdvzpjj5lglv16g5yzg2k5zkxp7-ragel.vim",
  "sha256": "0bq3m9yyd35lcck3182n5cfz3fck15939qrd1xd6azcfkwbq4mhm",
  "hash": "sha256-FVaCF5+OfWVaDy3jNFIJk7nxHStWoDAmY7SM5n2qAy8=",
  "fetchLFS": false,
  "fetchSubmodules": true,
  "deepClone": false,
  "leaveDotGit": false
}
,"google/vim-jsonnet":{
  "url": "https://github.com/google/vim-jsonnet",
  "rev": "4ebc6619ddce5d032a985b42a9864154c3d20e4a",
  "date": "2023-02-20T14:34:00Z",
  "path": "/nix/store/7fbcbjpgj9kb5kgqmji3p1616mvnhw5q-vim-jsonnet",
  "sha256": "1z2zk2wqfv58qxd8pa4hrpyhi5nlgf8m4gqb9f31pdnb78ci860a",
  "hash": "sha256-ChgUGTrLthuGSws/UpF71JYI/c2QqItax6hsh7mYX/w=",
  "fetchLFS": false,
  "fetchSubmodules": true,
  "deepClone": false,
  "leaveDotGit": false
}
,"purescript-contrib/purescript-vim":{
  "url": "https://github.com/purescript-contrib/purescript-vim",
  "rev": "82348352e6568fcc0385bd7c99a8ead3a479feea",
  "date": "2023-02-06T16:11:01+07:00",
  "path": "/nix/store/c5dykh9mvpmpfjx7j3nxy1qvjvwfk3n8-purescript-vim",
  "sha256": "14729v7rndi3l8fpnbzapgwb4dj7537fik54g6frm1r1724f5cr2",
  "hash": "sha256-IrPiiDghh5qdeaTM6M4oRzay+LvqL3sdoiM2m89O4pA=",
  "fetchLFS": false,
  "fetchSubmodules": true,
  "deepClone": false,
  "leaveDotGit": false
}
,"whonore/Coqtail":{
  "url": "https://github.com/whonore/Coqtail",
  "rev": "299d0acdb9b697fd951df81a5d67e3f5cb6ed4f9",
  "date": "2024-09-17T10:13:05-07:00",
  "path": "/nix/store/kzqvqxlh2gh36jjfl3yfcg1dfmqc3wwf-Coqtail",
  "sha256": "1z7gwpy14h1icsxfz67nzj56fn2gwxa0bf49rw24kfwnr1zbw75r",
  "hash": "sha256-uRy+fsiWu0kEz4m4BVTnT1hnivz2mO+6ZjFAEvzl7/w=",
  "fetchLFS": false,
  "fetchSubmodules": true,
  "deepClone": false,
  "leaveDotGit": false
}
,"tomtomjhj/coq-lsp.nvim":{
  "url": "https://github.com/tomtomjhj/coq-lsp.nvim",
  "rev": "6135ed25fc2a1b4b1b6451ed206dc38b493ff1a2",
  "date": "2024-10-29T02:39:28+09:00",
  "path": "/nix/store/0rilgbkb1f518qx5wy12m4v4sfysid1c-coq-lsp.nvim",
  "sha256": "1vlz2kgc82rhycxp4qcz2bwssnzbv16wvr3gsigbl8b7rxjv5ivr",
  "hash": "sha256-eceyZc9nIbpe1G/kzU3Y61ut+RKfYXI78zALxN4Un+4=",
  "fetchLFS": false,
  "fetchSubmodules": true,
  "deepClone": false,
  "leaveDotGit": false
}
,"xginn8/SBVR.vim":{
  "url": "https://github.com/xginn8/SBVR.vim",
  "rev": "387395ec6461dda9747346bc0170b4cf2385a330",
  "date": "2020-07-10T10:35:50-04:00",
  "path": "/nix/store/fjanfwf2s9p7l9l5b11zys6fhng4gfa7-SBVR.vim",
  "sha256": "10kl6ssdnf5r5c45yn115zqdigmyyypx08mis8a5zfpb9q9dgmbi",
  "hash": "sha256-cdXXEk7rul8U0rEi0K/3vr7Y8C8hWF8IK7k427Q2dII=",
  "fetchLFS": false,
  "fetchSubmodules": true,
  "deepClone": false,
  "leaveDotGit": false
}
,"wilt00/vim-y86-syntax":{
  "url": "https://github.com/wilt00/vim-y86-syntax",
  "rev": "1861343c2cbc7ced636b88f4efc81dcd07eb6bd1",
  "date": "2018-03-06T14:29:13-06:00",
  "path": "/nix/store/gxhirsim3c8nd59jvakndm39nymmi645-vim-y86-syntax",
  "sha256": "1w26m2aw3f86s53lsw8304i2gss0844p9wxw235ksmwsw0pafmx9",
  "hash": "sha256-qVenLuCaVz3LELzzdAlBQOsnIgEDcU1H0Qa5wZWoRvA=",
  "fetchLFS": false,
  "fetchSubmodules": true,
  "deepClone": false,
  "leaveDotGit": false
}
,"m42e/vim-gcov-marker":{
  "url": "https://github.com/m42e/vim-gcov-marker",
  "rev": "fc79ff9558126b53fd103cae41f6834e60fe85f5",
  "date": "2018-03-27T20:08:28+02:00",
  "path": "/nix/store/rsrn4fwh3zv047mmmd4drkjjf1vcdsjv-vim-gcov-marker",
  "sha256": "06v7ziyb2dbxlqvq2i40qhr1as6kxj7yl9dw9yfqx51c07r66f7v",
  "hash": "sha256-+zhj8gEslI6dT7wl6o/s02gVMsSARIE3pn01sXz8Zxs=",
  "fetchLFS": false,
  "fetchSubmodules": true,
  "deepClone": false,
  "leaveDotGit": false
}
,"ELLIOTTCABLE/vim-menhir":{
  "url": "https://github.com/ELLIOTTCABLE/vim-menhir",
  "rev": "7e9ebe0c129e3c9eeb50b6beb09cf0feef131e8e",
  "date": "2019-01-22T22:18:10-06:00",
  "path": "/nix/store/g5762aw99l1bpb78jsrbn8m2m0h963k0-vim-menhir",
  "sha256": "070y2gvrw2w5yh9g4mglkdk0afqm42a6klvby327wmd9rq3prcah",
  "hash": "sha256-ULF8B86pVX7E8GvTaZQgFTsFZpv0VfIS9IULnvcTHhw=",
  "fetchLFS": false,
  "fetchSubmodules": true,
  "deepClone": false,
  "leaveDotGit": false
}
,"petRUShka/vim-opencl":{
  "url": "https://github.com/petRUShka/vim-opencl",
  "rev": "7668b018fe9461c6b51e0b736ed84aa84d6bafce",
  "date": "2018-06-13T20:20:28+03:00",
  "path": "/nix/store/fqfhrz5ggqq2afpn607i8wvxfwfcs201-vim-opencl",
  "sha256": "0z8qasymkkaa272bjxmkp4sgd8qr4ypcqxlyzxgh5imp3gmrc6n1",
  "hash": "sha256-wRqW6xu3xgJf/552zK4nGaP2NLmzdrnEEUrNWb1WGH0=",
  "fetchLFS": false,
  "fetchSubmodules": true,
  "deepClone": false,
  "leaveDotGit": false
}
,"martinlroth/vim-acpi-asl":{
  "url": "https://github.com/martinlroth/vim-acpi-asl",
  "rev": "3397682276eba0e9af8391fe25087bed79a7aec5",
  "date": "2016-07-30T14:42:19-06:00",
  "path": "/nix/store/cs50lrgp2c9z547srcrjyaphfqbdc9w6-vim-acpi-asl",
  "sha256": "0wvi23pw1rc2a7gfc3ir06i4swfv2l5ki3ggyf5ngh8qhkryf2qs",
  "hash": "sha256-Ggvn84QYwWeL8++NOAsV23FNogE5DubeUYLlwO8QcXM=",
  "fetchLFS": false,
  "fetchSubmodules": true,
  "deepClone": false,
  "leaveDotGit": false
}
,"ryanoasis/vim-devicons":{
  "url": "https://github.com/ryanoasis/vim-devicons",
  "rev": "71f239af28b7214eebb60d4ea5bd040291fb7e33",
  "date": "2022-10-02T03:28:33+09:00",
  "path": "/nix/store/5lccjk9w33sz1lc0bd3r5hjvwa7rqhpj-vim-devicons",
  "sha256": "0kshppxgi63wn96a8h9zv7drwqcbljin5jhszh8q7pqw2xsd83gn",
  "hash": "sha256-9g3UdBcc34MR/BrKYqOki2Ge29k/QaRMsnyY+Pq9UE8=",
  "fetchLFS": false,
  "fetchSubmodules": true,
  "deepClone": false,
  "leaveDotGit": false
}
,"Jorengarenar/vim-syntaxMarkerFold":{
  "url": "https://github.com/Jorengarenar/vim-syntaxMarkerFold",
  "rev": "ee835c7ed2e678b8920439b07608b1094acae269",
  "date": "2024-08-11T17:30:41+02:00",
  "path": "/nix/store/fwl5fclq77yiyl8qlgljr8rfmyc7w3q8-vim-syntaxMarkerFold",
  "sha256": "10lqy4hsy0dcfj25qddkwfff9amzx9vn44mby45d733mzrppwfim",
  "hash": "sha256-NTp+b/51jNMK8asSYnfqv6rknOOzNVyEdKwBryHxmII=",
  "fetchLFS": false,
  "fetchSubmodules": true,
  "deepClone": false,
  "leaveDotGit": false
}
,"ziontee113/color-picker.nvim":{
  "url": "https://github.com/ziontee113/color-picker.nvim",
  "rev": "06cb5f853535dea529a523e9a0e8884cdf9eba4d",
  "date": "2023-05-21T16:06:21-06:00",
  "path": "/nix/store/wafqmslx947yi5gq4f06raxw68vlgwws-color-picker.nvim",
  "sha256": "1lhbyjsqn7vjdq8df4dx8b0dl8zh198pq6z8zyrcf6y1mcl6jn3b",
  "hash": "sha256-a1hpKKvBG8ey/+gbfFEK8CPawEK9EdcQbnIfi7X0C9I=",
  "fetchLFS": false,
  "fetchSubmodules": true,
  "deepClone": false,
  "leaveDotGit": false
}
}, "packages": ["universal-ctags","tree-sitter","wl-clipboard-x11","wl-clipboard-x11","vscode-extensions.vscjava.vscode-java-debug","tree-sitter"], "lsp-packages": ["python3Packages.python-lsp-server","elmPackages.elm-language-server","rust-analyzer","haskell-language-server","ccls","cmake-language-server","jsonnet-language-server","ocamlPackages.ocaml-lsp","nodePackages.vim-language-server","nodePackages.purescript-language-server","nixd","texlab","nodePackages.typescript-language-server","nodePackages.vscode-langservers-extracted","nodePackages.vscode-langservers-extracted","phpactor","nodePackages.vscode-langservers-extracted","spectral-language-server","marksman","jdt-language-server","kotlin-language-server","coqPackages_8_16.coq-lsp","dot-language-server","lua-language-server","postgres-lsp","dockerfile-language-server-nodejs","docker-compose-language-service","marksman","texlab","dot-language-server","spectral-language-server"]}
